// !$*UTF8*$!
{
	archiveVersion = 1;
	classes = {
	};
	objectVersion = 56;
	objects = {

/* Begin PBXBuildFile section */
		14DA3B39295C03960010CDE9 /* LandingVC.swift in Sources */ = {isa = PBXBuildFile; fileRef = 14DA3B38295C03960010CDE9 /* LandingVC.swift */; };
		14DA3B3B295C0B500010CDE9 /* OnboardConstants.swift in Sources */ = {isa = PBXBuildFile; fileRef = 14DA3B3A295C0B500010CDE9 /* OnboardConstants.swift */; };
		14DA3B3D295D51B80010CDE9 /* SignupVC.swift in Sources */ = {isa = PBXBuildFile; fileRef = 14DA3B3C295D51B80010CDE9 /* SignupVC.swift */; };
		14DA3B3F295D51C30010CDE9 /* LoginVC.swift in Sources */ = {isa = PBXBuildFile; fileRef = 14DA3B3E295D51C30010CDE9 /* LoginVC.swift */; };
		14DA3B42295D52BB0010CDE9 /* NumberVC.swift in Sources */ = {isa = PBXBuildFile; fileRef = 14DA3B41295D52BB0010CDE9 /* NumberVC.swift */; };
		14DA3B49295E303A0010CDE9 /* FirstnameVC.swift in Sources */ = {isa = PBXBuildFile; fileRef = 14DA3B48295E303A0010CDE9 /* FirstnameVC.swift */; };
		14DA3B4B295E305A0010CDE9 /* LastnameVC.swift in Sources */ = {isa = PBXBuildFile; fileRef = 14DA3B4A295E305A0010CDE9 /* LastnameVC.swift */; };
		14DA3B4D295E30740010CDE9 /* UploadpictureVC.swift in Sources */ = {isa = PBXBuildFile; fileRef = 14DA3B4C295E30740010CDE9 /* UploadpictureVC.swift */; };
		14DA3B4F295E30880010CDE9 /* FriendrecVC.swift in Sources */ = {isa = PBXBuildFile; fileRef = 14DA3B4E295E30880010CDE9 /* FriendrecVC.swift */; };
		14DA3B51295E309A0010CDE9 /* TutorialVC.swift in Sources */ = {isa = PBXBuildFile; fileRef = 14DA3B50295E309A0010CDE9 /* TutorialVC.swift */; };
		14DA3B53295EBED20010CDE9 /* ConfirmationVC.swift in Sources */ = {isa = PBXBuildFile; fileRef = 14DA3B52295EBED20010CDE9 /* ConfirmationVC.swift */; };
		2E2A40C7295AB40C004E52D2 /* AppDelegate.swift in Sources */ = {isa = PBXBuildFile; fileRef = 2E2A40C6295AB40C004E52D2 /* AppDelegate.swift */; };
		2E2A40C9295AB40C004E52D2 /* SceneDelegate.swift in Sources */ = {isa = PBXBuildFile; fileRef = 2E2A40C8295AB40C004E52D2 /* SceneDelegate.swift */; };
		2E2A40CE295AB40C004E52D2 /* Main.storyboard in Resources */ = {isa = PBXBuildFile; fileRef = 2E2A40CC295AB40C004E52D2 /* Main.storyboard */; };
		2E2A40D0295AB40D004E52D2 /* Assets.xcassets in Resources */ = {isa = PBXBuildFile; fileRef = 2E2A40CF295AB40D004E52D2 /* Assets.xcassets */; };
		2E2A40D3295AB40D004E52D2 /* LaunchScreen.storyboard in Resources */ = {isa = PBXBuildFile; fileRef = 2E2A40D1295AB40D004E52D2 /* LaunchScreen.storyboard */; };
/* End PBXBuildFile section */

/* Begin PBXFileReference section */
		14DA3B38295C03960010CDE9 /* LandingVC.swift */ = {isa = PBXFileReference; lastKnownFileType = sourcecode.swift; path = LandingVC.swift; sourceTree = "<group>"; };
		14DA3B3A295C0B500010CDE9 /* OnboardConstants.swift */ = {isa = PBXFileReference; lastKnownFileType = sourcecode.swift; path = OnboardConstants.swift; sourceTree = "<group>"; };
		14DA3B3C295D51B80010CDE9 /* SignupVC.swift */ = {isa = PBXFileReference; lastKnownFileType = sourcecode.swift; path = SignupVC.swift; sourceTree = "<group>"; };
		14DA3B3E295D51C30010CDE9 /* LoginVC.swift */ = {isa = PBXFileReference; lastKnownFileType = sourcecode.swift; path = LoginVC.swift; sourceTree = "<group>"; };
		14DA3B41295D52BB0010CDE9 /* NumberVC.swift */ = {isa = PBXFileReference; lastKnownFileType = sourcecode.swift; path = NumberVC.swift; sourceTree = "<group>"; };
		14DA3B48295E303A0010CDE9 /* FirstnameVC.swift */ = {isa = PBXFileReference; lastKnownFileType = sourcecode.swift; path = FirstnameVC.swift; sourceTree = "<group>"; };
		14DA3B4A295E305A0010CDE9 /* LastnameVC.swift */ = {isa = PBXFileReference; lastKnownFileType = sourcecode.swift; path = LastnameVC.swift; sourceTree = "<group>"; };
		14DA3B4C295E30740010CDE9 /* UploadpictureVC.swift */ = {isa = PBXFileReference; lastKnownFileType = sourcecode.swift; path = UploadpictureVC.swift; sourceTree = "<group>"; };
		14DA3B4E295E30880010CDE9 /* FriendrecVC.swift */ = {isa = PBXFileReference; lastKnownFileType = sourcecode.swift; path = FriendrecVC.swift; sourceTree = "<group>"; };
		14DA3B50295E309A0010CDE9 /* TutorialVC.swift */ = {isa = PBXFileReference; lastKnownFileType = sourcecode.swift; path = TutorialVC.swift; sourceTree = "<group>"; };
		14DA3B52295EBED20010CDE9 /* ConfirmationVC.swift */ = {isa = PBXFileReference; lastKnownFileType = sourcecode.swift; path = ConfirmationVC.swift; sourceTree = "<group>"; };
		2E2A40C3295AB40C004E52D2 /* ScribblyOnboarding.app */ = {isa = PBXFileReference; explicitFileType = wrapper.application; includeInIndex = 0; path = ScribblyOnboarding.app; sourceTree = BUILT_PRODUCTS_DIR; };
		2E2A40C6295AB40C004E52D2 /* AppDelegate.swift */ = {isa = PBXFileReference; lastKnownFileType = sourcecode.swift; path = AppDelegate.swift; sourceTree = "<group>"; };
		2E2A40C8295AB40C004E52D2 /* SceneDelegate.swift */ = {isa = PBXFileReference; lastKnownFileType = sourcecode.swift; path = SceneDelegate.swift; sourceTree = "<group>"; };
		2E2A40CD295AB40C004E52D2 /* Base */ = {isa = PBXFileReference; lastKnownFileType = file.storyboard; name = Base; path = Base.lproj/Main.storyboard; sourceTree = "<group>"; };
		2E2A40CF295AB40D004E52D2 /* Assets.xcassets */ = {isa = PBXFileReference; lastKnownFileType = folder.assetcatalog; path = Assets.xcassets; sourceTree = "<group>"; };
		2E2A40D2295AB40D004E52D2 /* Base */ = {isa = PBXFileReference; lastKnownFileType = file.storyboard; name = Base; path = Base.lproj/LaunchScreen.storyboard; sourceTree = "<group>"; };
		2E2A40D4295AB40D004E52D2 /* Info.plist */ = {isa = PBXFileReference; lastKnownFileType = text.plist.xml; path = Info.plist; sourceTree = "<group>"; };
/* End PBXFileReference section */

/* Begin PBXFrameworksBuildPhase section */
		2E2A40C0295AB40C004E52D2 /* Frameworks */ = {
			isa = PBXFrameworksBuildPhase;
			buildActionMask = 2147483647;
			files = (
			);
			runOnlyForDeploymentPostprocessing = 0;
		};
/* End PBXFrameworksBuildPhase section */

/* Begin PBXGroup section */
		14DA3B40295D524C0010CDE9 /* OnboardVCs */ = {
			isa = PBXGroup;
			children = (
				14DA3B41295D52BB0010CDE9 /* NumberVC.swift */,
				14DA3B52295EBED20010CDE9 /* ConfirmationVC.swift */,
				14DA3B48295E303A0010CDE9 /* FirstnameVC.swift */,
				14DA3B4A295E305A0010CDE9 /* LastnameVC.swift */,
				14DA3B4C295E30740010CDE9 /* UploadpictureVC.swift */,
				14DA3B4E295E30880010CDE9 /* FriendrecVC.swift */,
				14DA3B50295E309A0010CDE9 /* TutorialVC.swift */,
			);
			path = OnboardVCs;
			sourceTree = "<group>";
		};
		2E2A40BA295AB40C004E52D2 = {
			isa = PBXGroup;
			children = (
				2E2A40C5295AB40C004E52D2 /* ScribblyOnboarding */,
				2E2A40C4295AB40C004E52D2 /* Products */,
			);
			sourceTree = "<group>";
		};
		2E2A40C4295AB40C004E52D2 /* Products */ = {
			isa = PBXGroup;
			children = (
				2E2A40C3295AB40C004E52D2 /* ScribblyOnboarding.app */,
			);
			name = Products;
			sourceTree = "<group>";
		};
		2E2A40C5295AB40C004E52D2 /* ScribblyOnboarding */ = {
			isa = PBXGroup;
			children = (
				2E2A40C6295AB40C004E52D2 /* AppDelegate.swift */,
				2E2A40C8295AB40C004E52D2 /* SceneDelegate.swift */,
				14DA3B38295C03960010CDE9 /* LandingVC.swift */,
				14DA3B3C295D51B80010CDE9 /* SignupVC.swift */,
				14DA3B3E295D51C30010CDE9 /* LoginVC.swift */,
				14DA3B40295D524C0010CDE9 /* OnboardVCs */,
				2E2A40CC295AB40C004E52D2 /* Main.storyboard */,
				2E2A40CF295AB40D004E52D2 /* Assets.xcassets */,
				2E2A40D1295AB40D004E52D2 /* LaunchScreen.storyboard */,
				2E2A40D4295AB40D004E52D2 /* Info.plist */,
				14DA3B3A295C0B500010CDE9 /* OnboardConstants.swift */,
			);
			path = ScribblyOnboarding;
			sourceTree = "<group>";
		};
/* End PBXGroup section */

/* Begin PBXNativeTarget section */
		2E2A40C2295AB40C004E52D2 /* ScribblyOnboarding */ = {
			isa = PBXNativeTarget;
			buildConfigurationList = 2E2A40D7295AB40D004E52D2 /* Build configuration list for PBXNativeTarget "ScribblyOnboarding" */;
			buildPhases = (
				2E2A40BF295AB40C004E52D2 /* Sources */,
				2E2A40C0295AB40C004E52D2 /* Frameworks */,
				2E2A40C1295AB40C004E52D2 /* Resources */,
			);
			buildRules = (
			);
			dependencies = (
			);
			name = ScribblyOnboarding;
			productName = ScribblyOnboarding;
			productReference = 2E2A40C3295AB40C004E52D2 /* ScribblyOnboarding.app */;
			productType = "com.apple.product-type.application";
		};
/* End PBXNativeTarget section */

/* Begin PBXProject section */
		2E2A40BB295AB40C004E52D2 /* Project object */ = {
			isa = PBXProject;
			attributes = {
				BuildIndependentTargetsInParallel = 1;
				LastSwiftUpdateCheck = 1420;
				LastUpgradeCheck = 1420;
				TargetAttributes = {
					2E2A40C2295AB40C004E52D2 = {
						CreatedOnToolsVersion = 14.2;
						LastSwiftMigration = 1420;
					};
				};
			};
			buildConfigurationList = 2E2A40BE295AB40C004E52D2 /* Build configuration list for PBXProject "ScribblyOnboarding" */;
			compatibilityVersion = "Xcode 14.0";
			developmentRegion = en;
			hasScannedForEncodings = 0;
			knownRegions = (
				en,
				Base,
			);
			mainGroup = 2E2A40BA295AB40C004E52D2;
			productRefGroup = 2E2A40C4295AB40C004E52D2 /* Products */;
			projectDirPath = "";
			projectRoot = "";
			targets = (
				2E2A40C2295AB40C004E52D2 /* ScribblyOnboarding */,
			);
		};
/* End PBXProject section */

/* Begin PBXResourcesBuildPhase section */
		2E2A40C1295AB40C004E52D2 /* Resources */ = {
			isa = PBXResourcesBuildPhase;
			buildActionMask = 2147483647;
			files = (
				2E2A40D3295AB40D004E52D2 /* LaunchScreen.storyboard in Resources */,
				2E2A40D0295AB40D004E52D2 /* Assets.xcassets in Resources */,
				2E2A40CE295AB40C004E52D2 /* Main.storyboard in Resources */,
			);
			runOnlyForDeploymentPostprocessing = 0;
		};
/* End PBXResourcesBuildPhase section */

/* Begin PBXSourcesBuildPhase section */
		2E2A40BF295AB40C004E52D2 /* Sources */ = {
			isa = PBXSourcesBuildPhase;
			buildActionMask = 2147483647;
			files = (
				14DA3B53295EBED20010CDE9 /* ConfirmationVC.swift in Sources */,
				14DA3B4B295E305A0010CDE9 /* LastnameVC.swift in Sources */,
				14DA3B4D295E30740010CDE9 /* UploadpictureVC.swift in Sources */,
				14DA3B3F295D51C30010CDE9 /* LoginVC.swift in Sources */,
				14DA3B39295C03960010CDE9 /* LandingVC.swift in Sources */,
				2E2A40C7295AB40C004E52D2 /* AppDelegate.swift in Sources */,
				2E2A40C9295AB40C004E52D2 /* SceneDelegate.swift in Sources */,
				14DA3B4F295E30880010CDE9 /* FriendrecVC.swift in Sources */,
				14DA3B3B295C0B500010CDE9 /* OnboardConstants.swift in Sources */,
				14DA3B42295D52BB0010CDE9 /* NumberVC.swift in Sources */,
				14DA3B3D295D51B80010CDE9 /* SignupVC.swift in Sources */,
				14DA3B49295E303A0010CDE9 /* FirstnameVC.swift in Sources */,
				14DA3B51295E309A0010CDE9 /* TutorialVC.swift in Sources */,
			);
			runOnlyForDeploymentPostprocessing = 0;
		};
/* End PBXSourcesBuildPhase section */

/* Begin PBXVariantGroup section */
		2E2A40CC295AB40C004E52D2 /* Main.storyboard */ = {
			isa = PBXVariantGroup;
			children = (
				2E2A40CD295AB40C004E52D2 /* Base */,
			);
			name = Main.storyboard;
			sourceTree = "<group>";
		};
		2E2A40D1295AB40D004E52D2 /* LaunchScreen.storyboard */ = {
			isa = PBXVariantGroup;
			children = (
				2E2A40D2295AB40D004E52D2 /* Base */,
			);
			name = LaunchScreen.storyboard;
			sourceTree = "<group>";
		};
/* End PBXVariantGroup section */

/* Begin XCBuildConfiguration section */
		2E2A40D5295AB40D004E52D2 /* Debug */ = {
			isa = XCBuildConfiguration;
			buildSettings = {
				ALWAYS_SEARCH_USER_PATHS = NO;
				CLANG_ANALYZER_NONNULL = YES;
				CLANG_ANALYZER_NUMBER_OBJECT_CONVERSION = YES_AGGRESSIVE;
				CLANG_CXX_LANGUAGE_STANDARD = "gnu++20";
				CLANG_ENABLE_MODULES = YES;
				CLANG_ENABLE_OBJC_ARC = YES;
				CLANG_ENABLE_OBJC_WEAK = YES;
				CLANG_WARN_BLOCK_CAPTURE_AUTORELEASING = YES;
				CLANG_WARN_BOOL_CONVERSION = YES;
				CLANG_WARN_COMMA = YES;
				CLANG_WARN_CONSTANT_CONVERSION = YES;
				CLANG_WARN_DEPRECATED_OBJC_IMPLEMENTATIONS = YES;
				CLANG_WARN_DIRECT_OBJC_ISA_USAGE = YES_ERROR;
				CLANG_WARN_DOCUMENTATION_COMMENTS = YES;
				CLANG_WARN_EMPTY_BODY = YES;
				CLANG_WARN_ENUM_CONVERSION = YES;
				CLANG_WARN_INFINITE_RECURSION = YES;
				CLANG_WARN_INT_CONVERSION = YES;
				CLANG_WARN_NON_LITERAL_NULL_CONVERSION = YES;
				CLANG_WARN_OBJC_IMPLICIT_RETAIN_SELF = YES;
				CLANG_WARN_OBJC_LITERAL_CONVERSION = YES;
				CLANG_WARN_OBJC_ROOT_CLASS = YES_ERROR;
				CLANG_WARN_QUOTED_INCLUDE_IN_FRAMEWORK_HEADER = YES;
				CLANG_WARN_RANGE_LOOP_ANALYSIS = YES;
				CLANG_WARN_STRICT_PROTOTYPES = YES;
				CLANG_WARN_SUSPICIOUS_MOVE = YES;
				CLANG_WARN_UNGUARDED_AVAILABILITY = YES_AGGRESSIVE;
				CLANG_WARN_UNREACHABLE_CODE = YES;
				CLANG_WARN__DUPLICATE_METHOD_MATCH = YES;
				COPY_PHASE_STRIP = NO;
				DEBUG_INFORMATION_FORMAT = dwarf;
				ENABLE_STRICT_OBJC_MSGSEND = YES;
				ENABLE_TESTABILITY = YES;
				GCC_C_LANGUAGE_STANDARD = gnu11;
				GCC_DYNAMIC_NO_PIC = NO;
				GCC_NO_COMMON_BLOCKS = YES;
				GCC_OPTIMIZATION_LEVEL = 0;
				GCC_PREPROCESSOR_DEFINITIONS = (
					"DEBUG=1",
					"$(inherited)",
				);
				GCC_WARN_64_TO_32_BIT_CONVERSION = YES;
				GCC_WARN_ABOUT_RETURN_TYPE = YES_ERROR;
				GCC_WARN_UNDECLARED_SELECTOR = YES;
				GCC_WARN_UNINITIALIZED_AUTOS = YES_AGGRESSIVE;
				GCC_WARN_UNUSED_FUNCTION = YES;
				GCC_WARN_UNUSED_VARIABLE = YES;
				IPHONEOS_DEPLOYMENT_TARGET = 16.2;
				MTL_ENABLE_DEBUG_INFO = INCLUDE_SOURCE;
				MTL_FAST_MATH = YES;
				ONLY_ACTIVE_ARCH = YES;
				SDKROOT = iphoneos;
				SWIFT_ACTIVE_COMPILATION_CONDITIONS = DEBUG;
				SWIFT_OPTIMIZATION_LEVEL = "-Onone";
			};
			name = Debug;
		};
		2E2A40D6295AB40D004E52D2 /* Release */ = {
			isa = XCBuildConfiguration;
			buildSettings = {
				ALWAYS_SEARCH_USER_PATHS = NO;
				CLANG_ANALYZER_NONNULL = YES;
				CLANG_ANALYZER_NUMBER_OBJECT_CONVERSION = YES_AGGRESSIVE;
				CLANG_CXX_LANGUAGE_STANDARD = "gnu++20";
				CLANG_ENABLE_MODULES = YES;
				CLANG_ENABLE_OBJC_ARC = YES;
				CLANG_ENABLE_OBJC_WEAK = YES;
				CLANG_WARN_BLOCK_CAPTURE_AUTORELEASING = YES;
				CLANG_WARN_BOOL_CONVERSION = YES;
				CLANG_WARN_COMMA = YES;
				CLANG_WARN_CONSTANT_CONVERSION = YES;
				CLANG_WARN_DEPRECATED_OBJC_IMPLEMENTATIONS = YES;
				CLANG_WARN_DIRECT_OBJC_ISA_USAGE = YES_ERROR;
				CLANG_WARN_DOCUMENTATION_COMMENTS = YES;
				CLANG_WARN_EMPTY_BODY = YES;
				CLANG_WARN_ENUM_CONVERSION = YES;
				CLANG_WARN_INFINITE_RECURSION = YES;
				CLANG_WARN_INT_CONVERSION = YES;
				CLANG_WARN_NON_LITERAL_NULL_CONVERSION = YES;
				CLANG_WARN_OBJC_IMPLICIT_RETAIN_SELF = YES;
				CLANG_WARN_OBJC_LITERAL_CONVERSION = YES;
				CLANG_WARN_OBJC_ROOT_CLASS = YES_ERROR;
				CLANG_WARN_QUOTED_INCLUDE_IN_FRAMEWORK_HEADER = YES;
				CLANG_WARN_RANGE_LOOP_ANALYSIS = YES;
				CLANG_WARN_STRICT_PROTOTYPES = YES;
				CLANG_WARN_SUSPICIOUS_MOVE = YES;
				CLANG_WARN_UNGUARDED_AVAILABILITY = YES_AGGRESSIVE;
				CLANG_WARN_UNREACHABLE_CODE = YES;
				CLANG_WARN__DUPLICATE_METHOD_MATCH = YES;
				COPY_PHASE_STRIP = NO;
				DEBUG_INFORMATION_FORMAT = "dwarf-with-dsym";
				ENABLE_NS_ASSERTIONS = NO;
				ENABLE_STRICT_OBJC_MSGSEND = YES;
				GCC_C_LANGUAGE_STANDARD = gnu11;
				GCC_NO_COMMON_BLOCKS = YES;
				GCC_WARN_64_TO_32_BIT_CONVERSION = YES;
				GCC_WARN_ABOUT_RETURN_TYPE = YES_ERROR;
				GCC_WARN_UNDECLARED_SELECTOR = YES;
				GCC_WARN_UNINITIALIZED_AUTOS = YES_AGGRESSIVE;
				GCC_WARN_UNUSED_FUNCTION = YES;
				GCC_WARN_UNUSED_VARIABLE = YES;
				IPHONEOS_DEPLOYMENT_TARGET = 16.2;
				MTL_ENABLE_DEBUG_INFO = NO;
				MTL_FAST_MATH = YES;
				SDKROOT = iphoneos;
				SWIFT_COMPILATION_MODE = wholemodule;
				SWIFT_OPTIMIZATION_LEVEL = "-O";
				VALIDATE_PRODUCT = YES;
			};
			name = Release;
		};
		2E2A40D8295AB40D004E52D2 /* Debug */ = {
			isa = XCBuildConfiguration;
			buildSettings = {
				ASSETCATALOG_COMPILER_APPICON_NAME = AppIcon;
				ASSETCATALOG_COMPILER_GLOBAL_ACCENT_COLOR_NAME = AccentColor;
				CLANG_ENABLE_MODULES = YES;
				CODE_SIGN_STYLE = Automatic;
				CURRENT_PROJECT_VERSION = 1;
				DEVELOPMENT_TEAM = QQF3558QF2;
				GENERATE_INFOPLIST_FILE = YES;
				INFOPLIST_FILE = ScribblyOnboarding/Info.plist;
				INFOPLIST_KEY_UIApplicationSupportsIndirectInputEvents = YES;
				INFOPLIST_KEY_UILaunchStoryboardName = LaunchScreen;
				INFOPLIST_KEY_UIMainStoryboardFile = Main;
				INFOPLIST_KEY_UISupportedInterfaceOrientations_iPad = "UIInterfaceOrientationPortrait UIInterfaceOrientationPortraitUpsideDown UIInterfaceOrientationLandscapeLeft UIInterfaceOrientationLandscapeRight";
				INFOPLIST_KEY_UISupportedInterfaceOrientations_iPhone = "UIInterfaceOrientationPortrait UIInterfaceOrientationLandscapeLeft UIInterfaceOrientationLandscapeRight";
				LD_RUNPATH_SEARCH_PATHS = (
					"$(inherited)",
					"@executable_path/Frameworks",
				);
				MARKETING_VERSION = 1.0;
				PRODUCT_BUNDLE_IDENTIFIER = com.vinnie.ScribblyOnboarding;
				PRODUCT_NAME = "$(TARGET_NAME)";
				SWIFT_EMIT_LOC_STRINGS = YES;
				SWIFT_OPTIMIZATION_LEVEL = "-Onone";
				SWIFT_VERSION = 5.0;
				TARGETED_DEVICE_FAMILY = "1,2";
			};
			name = Debug;
		};
		2E2A40D9295AB40D004E52D2 /* Release */ = {
			isa = XCBuildConfiguration;
			buildSettings = {
				ASSETCATALOG_COMPILER_APPICON_NAME = AppIcon;
				ASSETCATALOG_COMPILER_GLOBAL_ACCENT_COLOR_NAME = AccentColor;
				CLANG_ENABLE_MODULES = YES;
				CODE_SIGN_STYLE = Automatic;
				CURRENT_PROJECT_VERSION = 1;
				DEVELOPMENT_TEAM = QQF3558QF2;
				GENERATE_INFOPLIST_FILE = YES;
				INFOPLIST_FILE = ScribblyOnboarding/Info.plist;
				INFOPLIST_KEY_UIApplicationSupportsIndirectInputEvents = YES;
				INFOPLIST_KEY_UILaunchStoryboardName = LaunchScreen;
				INFOPLIST_KEY_UIMainStoryboardFile = Main;
				INFOPLIST_KEY_UISupportedInterfaceOrientations_iPad = "UIInterfaceOrientationPortrait UIInterfaceOrientationPortraitUpsideDown UIInterfaceOrientationLandscapeLeft UIInterfaceOrientationLandscapeRight";
				INFOPLIST_KEY_UISupportedInterfaceOrientations_iPhone = "UIInterfaceOrientationPortrait UIInterfaceOrientationLandscapeLeft UIInterfaceOrientationLandscapeRight";
				LD_RUNPATH_SEARCH_PATHS = (
					"$(inherited)",
					"@executable_path/Frameworks",
				);
				MARKETING_VERSION = 1.0;
				PRODUCT_BUNDLE_IDENTIFIER = com.vinnie.ScribblyOnboarding;
				PRODUCT_NAME = "$(TARGET_NAME)";
				SWIFT_EMIT_LOC_STRINGS = YES;
				SWIFT_VERSION = 5.0;
				TARGETED_DEVICE_FAMILY = "1,2";
			};
			name = Release;
		};
/* End XCBuildConfiguration section */

/* Begin XCConfigurationList section */
		2E2A40BE295AB40C004E52D2 /* Build configuration list for PBXProject "ScribblyOnboarding" */ = {
			isa = XCConfigurationList;
			buildConfigurations = (
				2E2A40D5295AB40D004E52D2 /* Debug */,
				2E2A40D6295AB40D004E52D2 /* Release */,
			);
			defaultConfigurationIsVisible = 0;
			defaultConfigurationName = Release;
		};
		2E2A40D7295AB40D004E52D2 /* Build configuration list for PBXNativeTarget "ScribblyOnboarding" */ = {
			isa = XCConfigurationList;
			buildConfigurations = (
				2E2A40D8295AB40D004E52D2 /* Debug */,
				2E2A40D9295AB40D004E52D2 /* Release */,
			);
			defaultConfigurationIsVisible = 0;
			defaultConfigurationName = Release;
		};
/* End XCConfigurationList section */
	};
	rootObject = 2E2A40BB295AB40C004E52D2 /* Project object */;
}
