// !$*UTF8*$!
{
	archiveVersion = 1;
	classes = {
	};
	objectVersion = 56;
	objects = {

/* Begin PBXBuildFile section */
		2E0C0886294F15290021C2D9 /* AppDelegate.swift in Sources */ = {isa = PBXBuildFile; fileRef = 2E0C0885294F15290021C2D9 /* AppDelegate.swift */; };
		2E0C0888294F15290021C2D9 /* SceneDelegate.swift in Sources */ = {isa = PBXBuildFile; fileRef = 2E0C0887294F15290021C2D9 /* SceneDelegate.swift */; };
		2E0C088F294F152A0021C2D9 /* Assets.xcassets in Resources */ = {isa = PBXBuildFile; fileRef = 2E0C088E294F152A0021C2D9 /* Assets.xcassets */; };
		2E0C0892294F152A0021C2D9 /* LaunchScreen.storyboard in Resources */ = {isa = PBXBuildFile; fileRef = 2E0C0890294F152A0021C2D9 /* LaunchScreen.storyboard */; };
		2E0C089A294F16C90021C2D9 /* HomeVC.swift in Sources */ = {isa = PBXBuildFile; fileRef = 2E0C0899294F16C90021C2D9 /* HomeVC.swift */; };
		2E0C089D294F17A10021C2D9 /* User.swift in Sources */ = {isa = PBXBuildFile; fileRef = 2E0C089C294F17A10021C2D9 /* User.swift */; };
		2E0C089F294F1AA90021C2D9 /* Post.swift in Sources */ = {isa = PBXBuildFile; fileRef = 2E0C089E294F1AA90021C2D9 /* Post.swift */; };
		2E5360C72950596F00C7A8CA /* ProfileVC.swift in Sources */ = {isa = PBXBuildFile; fileRef = 2E5360C62950596F00C7A8CA /* ProfileVC.swift */; };
		2E77F7DF294FAC2100D6E8D0 /* Constants.swift in Sources */ = {isa = PBXBuildFile; fileRef = 2E77F7DE294FAC2100D6E8D0 /* Constants.swift */; };
		2E77F7E1294FB27100D6E8D0 /* PostCollectionViewCell.swift in Sources */ = {isa = PBXBuildFile; fileRef = 2E77F7E0294FB27100D6E8D0 /* PostCollectionViewCell.swift */; };
		2ED4F1152953669B00E66E5F /* Comment.swift in Sources */ = {isa = PBXBuildFile; fileRef = 2ED4F1142953669B00E66E5F /* Comment.swift */; };
		2ED4F1172953711A00E66E5F /* CommentCells.swift in Sources */ = {isa = PBXBuildFile; fileRef = 2ED4F1162953711A00E66E5F /* CommentCells.swift */; };
		2EED0C862952D09F009BA4CE /* CommentVC.swift in Sources */ = {isa = PBXBuildFile; fileRef = 2EED0C852952D09F009BA4CE /* CommentVC.swift */; };
/* End PBXBuildFile section */

/* Begin PBXFileReference section */
		2E0C0882294F15290021C2D9 /* Scribbly.app */ = {isa = PBXFileReference; explicitFileType = wrapper.application; includeInIndex = 0; path = Scribbly.app; sourceTree = BUILT_PRODUCTS_DIR; };
		2E0C0885294F15290021C2D9 /* AppDelegate.swift */ = {isa = PBXFileReference; lastKnownFileType = sourcecode.swift; path = AppDelegate.swift; sourceTree = "<group>"; };
		2E0C0887294F15290021C2D9 /* SceneDelegate.swift */ = {isa = PBXFileReference; lastKnownFileType = sourcecode.swift; path = SceneDelegate.swift; sourceTree = "<group>"; };
		2E0C088E294F152A0021C2D9 /* Assets.xcassets */ = {isa = PBXFileReference; lastKnownFileType = folder.assetcatalog; path = Assets.xcassets; sourceTree = "<group>"; };
		2E0C0891294F152A0021C2D9 /* Base */ = {isa = PBXFileReference; lastKnownFileType = file.storyboard; name = Base; path = Base.lproj/LaunchScreen.storyboard; sourceTree = "<group>"; };
		2E0C0893294F152A0021C2D9 /* Info.plist */ = {isa = PBXFileReference; lastKnownFileType = text.plist.xml; path = Info.plist; sourceTree = "<group>"; };
		2E0C0899294F16C90021C2D9 /* HomeVC.swift */ = {isa = PBXFileReference; lastKnownFileType = sourcecode.swift; path = HomeVC.swift; sourceTree = "<group>"; };
		2E0C089C294F17A10021C2D9 /* User.swift */ = {isa = PBXFileReference; lastKnownFileType = sourcecode.swift; path = User.swift; sourceTree = "<group>"; };
		2E0C089E294F1AA90021C2D9 /* Post.swift */ = {isa = PBXFileReference; lastKnownFileType = sourcecode.swift; path = Post.swift; sourceTree = "<group>"; };
		2E5360C62950596F00C7A8CA /* ProfileVC.swift */ = {isa = PBXFileReference; lastKnownFileType = sourcecode.swift; path = ProfileVC.swift; sourceTree = "<group>"; };
		2E77F7DE294FAC2100D6E8D0 /* Constants.swift */ = {isa = PBXFileReference; lastKnownFileType = sourcecode.swift; path = Constants.swift; sourceTree = "<group>"; };
		2E77F7E0294FB27100D6E8D0 /* PostCollectionViewCell.swift */ = {isa = PBXFileReference; lastKnownFileType = sourcecode.swift; path = PostCollectionViewCell.swift; sourceTree = "<group>"; };
		2ED4F1142953669B00E66E5F /* Comment.swift */ = {isa = PBXFileReference; lastKnownFileType = sourcecode.swift; path = Comment.swift; sourceTree = "<group>"; };
		2ED4F1162953711A00E66E5F /* CommentCells.swift */ = {isa = PBXFileReference; lastKnownFileType = sourcecode.swift; path = CommentCells.swift; sourceTree = "<group>"; };
		2EED0C852952D09F009BA4CE /* CommentVC.swift */ = {isa = PBXFileReference; lastKnownFileType = sourcecode.swift; path = CommentVC.swift; sourceTree = "<group>"; };
/* End PBXFileReference section */

/* Begin PBXFrameworksBuildPhase section */
		2E0C087F294F15290021C2D9 /* Frameworks */ = {
			isa = PBXFrameworksBuildPhase;
			buildActionMask = 2147483647;
			files = (
			);
			runOnlyForDeploymentPostprocessing = 0;
		};
/* End PBXFrameworksBuildPhase section */

/* Begin PBXGroup section */
		2E0C0879294F15290021C2D9 = {
			isa = PBXGroup;
			children = (
				2E0C0884294F15290021C2D9 /* Scribbly */,
				2E0C0883294F15290021C2D9 /* Products */,
			);
			sourceTree = "<group>";
		};
		2E0C0883294F15290021C2D9 /* Products */ = {
			isa = PBXGroup;
			children = (
				2E0C0882294F15290021C2D9 /* Scribbly.app */,
			);
			name = Products;
			sourceTree = "<group>";
		};
		2E0C0884294F15290021C2D9 /* Scribbly */ = {
			isa = PBXGroup;
			children = (
				2E0C08A0294F28470021C2D9 /* Images */,
				2E0C089B294F17800021C2D9 /* Models */,
				2E0C0885294F15290021C2D9 /* AppDelegate.swift */,
				2E0C0887294F15290021C2D9 /* SceneDelegate.swift */,
				2E77F7DE294FAC2100D6E8D0 /* Constants.swift */,
				2E0C0899294F16C90021C2D9 /* HomeVC.swift */,
				2E77F7E0294FB27100D6E8D0 /* PostCollectionViewCell.swift */,
				2EED0C852952D09F009BA4CE /* CommentVC.swift */,
				2ED4F1162953711A00E66E5F /* CommentCells.swift */,
				2E5360C62950596F00C7A8CA /* ProfileVC.swift */,
				2E0C0890294F152A0021C2D9 /* LaunchScreen.storyboard */,
				2E0C088E294F152A0021C2D9 /* Assets.xcassets */,
				2E0C0893294F152A0021C2D9 /* Info.plist */,
			);
			path = Scribbly;
			sourceTree = "<group>";
		};
		2E0C089B294F17800021C2D9 /* Models */ = {
			isa = PBXGroup;
			children = (
				2E0C089C294F17A10021C2D9 /* User.swift */,
				2E0C089E294F1AA90021C2D9 /* Post.swift */,
				2ED4F1142953669B00E66E5F /* Comment.swift */,
			);
			path = Models;
			sourceTree = "<group>";
		};
		2E0C08A0294F28470021C2D9 /* Images */ = {
			isa = PBXGroup;
			children = (
			);
			path = Images;
			sourceTree = "<group>";
		};
/* End PBXGroup section */

/* Begin PBXNativeTarget section */
		2E0C0881294F15290021C2D9 /* Scribbly */ = {
			isa = PBXNativeTarget;
			buildConfigurationList = 2E0C0896294F152A0021C2D9 /* Build configuration list for PBXNativeTarget "Scribbly" */;
			buildPhases = (
				2E0C087E294F15290021C2D9 /* Sources */,
				2E0C087F294F15290021C2D9 /* Frameworks */,
				2E0C0880294F15290021C2D9 /* Resources */,
			);
			buildRules = (
			);
			dependencies = (
			);
			name = Scribbly;
			productName = Scribbly;
			productReference = 2E0C0882294F15290021C2D9 /* Scribbly.app */;
			productType = "com.apple.product-type.application";
		};
/* End PBXNativeTarget section */

/* Begin PBXProject section */
		2E0C087A294F15290021C2D9 /* Project object */ = {
			isa = PBXProject;
			attributes = {
				BuildIndependentTargetsInParallel = 1;
				LastSwiftUpdateCheck = 1420;
				LastUpgradeCheck = 1420;
				TargetAttributes = {
					2E0C0881294F15290021C2D9 = {
						CreatedOnToolsVersion = 14.2;
					};
				};
			};
			buildConfigurationList = 2E0C087D294F15290021C2D9 /* Build configuration list for PBXProject "Scribbly" */;
			compatibilityVersion = "Xcode 14.0";
			developmentRegion = en;
			hasScannedForEncodings = 0;
			knownRegions = (
				en,
				Base,
			);
			mainGroup = 2E0C0879294F15290021C2D9;
			productRefGroup = 2E0C0883294F15290021C2D9 /* Products */;
			projectDirPath = "";
			projectRoot = "";
			targets = (
				2E0C0881294F15290021C2D9 /* Scribbly */,
			);
		};
/* End PBXProject section */

/* Begin PBXResourcesBuildPhase section */
		2E0C0880294F15290021C2D9 /* Resources */ = {
			isa = PBXResourcesBuildPhase;
			buildActionMask = 2147483647;
			files = (
				2E0C0892294F152A0021C2D9 /* LaunchScreen.storyboard in Resources */,
				2E0C088F294F152A0021C2D9 /* Assets.xcassets in Resources */,
			);
			runOnlyForDeploymentPostprocessing = 0;
		};
/* End PBXResourcesBuildPhase section */

/* Begin PBXSourcesBuildPhase section */
		2E0C087E294F15290021C2D9 /* Sources */ = {
			isa = PBXSourcesBuildPhase;
			buildActionMask = 2147483647;
			files = (
				2E0C089D294F17A10021C2D9 /* User.swift in Sources */,
				2E0C089A294F16C90021C2D9 /* HomeVC.swift in Sources */,
				2E0C0886294F15290021C2D9 /* AppDelegate.swift in Sources */,
				2EED0C862952D09F009BA4CE /* CommentVC.swift in Sources */,
				2E0C0888294F15290021C2D9 /* SceneDelegate.swift in Sources */,
				2ED4F1172953711A00E66E5F /* CommentCells.swift in Sources */,
				2ED4F1152953669B00E66E5F /* Comment.swift in Sources */,
				2E5360C72950596F00C7A8CA /* ProfileVC.swift in Sources */,
				2E0C089F294F1AA90021C2D9 /* Post.swift in Sources */,
				2E77F7E1294FB27100D6E8D0 /* PostCollectionViewCell.swift in Sources */,
				2E77F7DF294FAC2100D6E8D0 /* Constants.swift in Sources */,
			);
			runOnlyForDeploymentPostprocessing = 0;
		};
/* End PBXSourcesBuildPhase section */

/* Begin PBXVariantGroup section */
		2E0C0890294F152A0021C2D9 /* LaunchScreen.storyboard */ = {
			isa = PBXVariantGroup;
			children = (
				2E0C0891294F152A0021C2D9 /* Base */,
			);
			name = LaunchScreen.storyboard;
			sourceTree = "<group>";
		};
/* End PBXVariantGroup section */

/* Begin XCBuildConfiguration section */
		2E0C0894294F152A0021C2D9 /* Debug */ = {
			isa = XCBuildConfiguration;
			buildSettings = {
				ALWAYS_SEARCH_USER_PATHS = NO;
				CLANG_ANALYZER_NONNULL = YES;
				CLANG_ANALYZER_NUMBER_OBJECT_CONVERSION = YES_AGGRESSIVE;
				CLANG_CXX_LANGUAGE_STANDARD = "gnu++20";
				CLANG_ENABLE_MODULES = YES;
				CLANG_ENABLE_OBJC_ARC = YES;
				CLANG_ENABLE_OBJC_WEAK = YES;
				CLANG_WARN_BLOCK_CAPTURE_AUTORELEASING = YES;
				CLANG_WARN_BOOL_CONVERSION = YES;
				CLANG_WARN_COMMA = YES;
				CLANG_WARN_CONSTANT_CONVERSION = YES;
				CLANG_WARN_DEPRECATED_OBJC_IMPLEMENTATIONS = YES;
				CLANG_WARN_DIRECT_OBJC_ISA_USAGE = YES_ERROR;
				CLANG_WARN_DOCUMENTATION_COMMENTS = YES;
				CLANG_WARN_EMPTY_BODY = YES;
				CLANG_WARN_ENUM_CONVERSION = YES;
				CLANG_WARN_INFINITE_RECURSION = YES;
				CLANG_WARN_INT_CONVERSION = YES;
				CLANG_WARN_NON_LITERAL_NULL_CONVERSION = YES;
				CLANG_WARN_OBJC_IMPLICIT_RETAIN_SELF = YES;
				CLANG_WARN_OBJC_LITERAL_CONVERSION = YES;
				CLANG_WARN_OBJC_ROOT_CLASS = YES_ERROR;
				CLANG_WARN_QUOTED_INCLUDE_IN_FRAMEWORK_HEADER = YES;
				CLANG_WARN_RANGE_LOOP_ANALYSIS = YES;
				CLANG_WARN_STRICT_PROTOTYPES = YES;
				CLANG_WARN_SUSPICIOUS_MOVE = YES;
				CLANG_WARN_UNGUARDED_AVAILABILITY = YES_AGGRESSIVE;
				CLANG_WARN_UNREACHABLE_CODE = YES;
				CLANG_WARN__DUPLICATE_METHOD_MATCH = YES;
				COPY_PHASE_STRIP = NO;
				DEBUG_INFORMATION_FORMAT = dwarf;
				ENABLE_STRICT_OBJC_MSGSEND = YES;
				ENABLE_TESTABILITY = YES;
				GCC_C_LANGUAGE_STANDARD = gnu11;
				GCC_DYNAMIC_NO_PIC = NO;
				GCC_NO_COMMON_BLOCKS = YES;
				GCC_OPTIMIZATION_LEVEL = 0;
				GCC_PREPROCESSOR_DEFINITIONS = (
					"DEBUG=1",
					"$(inherited)",
				);
				GCC_WARN_64_TO_32_BIT_CONVERSION = YES;
				GCC_WARN_ABOUT_RETURN_TYPE = YES_ERROR;
				GCC_WARN_UNDECLARED_SELECTOR = YES;
				GCC_WARN_UNINITIALIZED_AUTOS = YES_AGGRESSIVE;
				GCC_WARN_UNUSED_FUNCTION = YES;
				GCC_WARN_UNUSED_VARIABLE = YES;
				IPHONEOS_DEPLOYMENT_TARGET = 16.2;
				MTL_ENABLE_DEBUG_INFO = INCLUDE_SOURCE;
				MTL_FAST_MATH = YES;
				ONLY_ACTIVE_ARCH = YES;
				SDKROOT = iphoneos;
				SWIFT_ACTIVE_COMPILATION_CONDITIONS = DEBUG;
				SWIFT_OPTIMIZATION_LEVEL = "-Onone";
			};
			name = Debug;
		};
		2E0C0895294F152A0021C2D9 /* Release */ = {
			isa = XCBuildConfiguration;
			buildSettings = {
				ALWAYS_SEARCH_USER_PATHS = NO;
				CLANG_ANALYZER_NONNULL = YES;
				CLANG_ANALYZER_NUMBER_OBJECT_CONVERSION = YES_AGGRESSIVE;
				CLANG_CXX_LANGUAGE_STANDARD = "gnu++20";
				CLANG_ENABLE_MODULES = YES;
				CLANG_ENABLE_OBJC_ARC = YES;
				CLANG_ENABLE_OBJC_WEAK = YES;
				CLANG_WARN_BLOCK_CAPTURE_AUTORELEASING = YES;
				CLANG_WARN_BOOL_CONVERSION = YES;
				CLANG_WARN_COMMA = YES;
				CLANG_WARN_CONSTANT_CONVERSION = YES;
				CLANG_WARN_DEPRECATED_OBJC_IMPLEMENTATIONS = YES;
				CLANG_WARN_DIRECT_OBJC_ISA_USAGE = YES_ERROR;
				CLANG_WARN_DOCUMENTATION_COMMENTS = YES;
				CLANG_WARN_EMPTY_BODY = YES;
				CLANG_WARN_ENUM_CONVERSION = YES;
				CLANG_WARN_INFINITE_RECURSION = YES;
				CLANG_WARN_INT_CONVERSION = YES;
				CLANG_WARN_NON_LITERAL_NULL_CONVERSION = YES;
				CLANG_WARN_OBJC_IMPLICIT_RETAIN_SELF = YES;
				CLANG_WARN_OBJC_LITERAL_CONVERSION = YES;
				CLANG_WARN_OBJC_ROOT_CLASS = YES_ERROR;
				CLANG_WARN_QUOTED_INCLUDE_IN_FRAMEWORK_HEADER = YES;
				CLANG_WARN_RANGE_LOOP_ANALYSIS = YES;
				CLANG_WARN_STRICT_PROTOTYPES = YES;
				CLANG_WARN_SUSPICIOUS_MOVE = YES;
				CLANG_WARN_UNGUARDED_AVAILABILITY = YES_AGGRESSIVE;
				CLANG_WARN_UNREACHABLE_CODE = YES;
				CLANG_WARN__DUPLICATE_METHOD_MATCH = YES;
				COPY_PHASE_STRIP = NO;
				DEBUG_INFORMATION_FORMAT = "dwarf-with-dsym";
				ENABLE_NS_ASSERTIONS = NO;
				ENABLE_STRICT_OBJC_MSGSEND = YES;
				GCC_C_LANGUAGE_STANDARD = gnu11;
				GCC_NO_COMMON_BLOCKS = YES;
				GCC_WARN_64_TO_32_BIT_CONVERSION = YES;
				GCC_WARN_ABOUT_RETURN_TYPE = YES_ERROR;
				GCC_WARN_UNDECLARED_SELECTOR = YES;
				GCC_WARN_UNINITIALIZED_AUTOS = YES_AGGRESSIVE;
				GCC_WARN_UNUSED_FUNCTION = YES;
				GCC_WARN_UNUSED_VARIABLE = YES;
				IPHONEOS_DEPLOYMENT_TARGET = 16.2;
				MTL_ENABLE_DEBUG_INFO = NO;
				MTL_FAST_MATH = YES;
				SDKROOT = iphoneos;
				SWIFT_COMPILATION_MODE = wholemodule;
				SWIFT_OPTIMIZATION_LEVEL = "-O";
				VALIDATE_PRODUCT = YES;
			};
			name = Release;
		};
		2E0C0897294F152A0021C2D9 /* Debug */ = {
			isa = XCBuildConfiguration;
			buildSettings = {
				ASSETCATALOG_COMPILER_APPICON_NAME = AppIcon;
				ASSETCATALOG_COMPILER_GLOBAL_ACCENT_COLOR_NAME = AccentColor;
				CODE_SIGN_STYLE = Automatic;
				CURRENT_PROJECT_VERSION = 1;
				DEVELOPMENT_TEAM = V7HFE3Z97P;
				GENERATE_INFOPLIST_FILE = YES;
				INFOPLIST_FILE = Scribbly/Info.plist;
				INFOPLIST_KEY_UIApplicationSupportsIndirectInputEvents = YES;
				INFOPLIST_KEY_UILaunchStoryboardName = LaunchScreen;
				INFOPLIST_KEY_UISupportedInterfaceOrientations_iPad = "UIInterfaceOrientationPortrait UIInterfaceOrientationPortraitUpsideDown UIInterfaceOrientationLandscapeLeft UIInterfaceOrientationLandscapeRight";
				INFOPLIST_KEY_UISupportedInterfaceOrientations_iPhone = "UIInterfaceOrientationPortrait UIInterfaceOrientationLandscapeLeft UIInterfaceOrientationLandscapeRight";
				LD_RUNPATH_SEARCH_PATHS = (
					"$(inherited)",
					"@executable_path/Frameworks",
				);
				MARKETING_VERSION = 1.0;
				PRODUCT_BUNDLE_IDENTIFIER = com.vinnie.Scribbly;
				PRODUCT_NAME = "$(TARGET_NAME)";
				SWIFT_EMIT_LOC_STRINGS = YES;
				SWIFT_VERSION = 5.0;
				TARGETED_DEVICE_FAMILY = "1,2";
			};
			name = Debug;
		};
		2E0C0898294F152A0021C2D9 /* Release */ = {
			isa = XCBuildConfiguration;
			buildSettings = {
				ASSETCATALOG_COMPILER_APPICON_NAME = AppIcon;
				ASSETCATALOG_COMPILER_GLOBAL_ACCENT_COLOR_NAME = AccentColor;
				CODE_SIGN_STYLE = Automatic;
				CURRENT_PROJECT_VERSION = 1;
				DEVELOPMENT_TEAM = V7HFE3Z97P;
				GENERATE_INFOPLIST_FILE = YES;
				INFOPLIST_FILE = Scribbly/Info.plist;
				INFOPLIST_KEY_UIApplicationSupportsIndirectInputEvents = YES;
				INFOPLIST_KEY_UILaunchStoryboardName = LaunchScreen;
				INFOPLIST_KEY_UISupportedInterfaceOrientations_iPad = "UIInterfaceOrientationPortrait UIInterfaceOrientationPortraitUpsideDown UIInterfaceOrientationLandscapeLeft UIInterfaceOrientationLandscapeRight";
				INFOPLIST_KEY_UISupportedInterfaceOrientations_iPhone = "UIInterfaceOrientationPortrait UIInterfaceOrientationLandscapeLeft UIInterfaceOrientationLandscapeRight";
				LD_RUNPATH_SEARCH_PATHS = (
					"$(inherited)",
					"@executable_path/Frameworks",
				);
				MARKETING_VERSION = 1.0;
				PRODUCT_BUNDLE_IDENTIFIER = com.vinnie.Scribbly;
				PRODUCT_NAME = "$(TARGET_NAME)";
				SWIFT_EMIT_LOC_STRINGS = YES;
				SWIFT_VERSION = 5.0;
				TARGETED_DEVICE_FAMILY = "1,2";
			};
			name = Release;
		};
/* End XCBuildConfiguration section */

/* Begin XCConfigurationList section */
		2E0C087D294F15290021C2D9 /* Build configuration list for PBXProject "Scribbly" */ = {
			isa = XCConfigurationList;
			buildConfigurations = (
				2E0C0894294F152A0021C2D9 /* Debug */,
				2E0C0895294F152A0021C2D9 /* Release */,
			);
			defaultConfigurationIsVisible = 0;
			defaultConfigurationName = Release;
		};
		2E0C0896294F152A0021C2D9 /* Build configuration list for PBXNativeTarget "Scribbly" */ = {
			isa = XCConfigurationList;
			buildConfigurations = (
				2E0C0897294F152A0021C2D9 /* Debug */,
				2E0C0898294F152A0021C2D9 /* Release */,
			);
			defaultConfigurationIsVisible = 0;
			defaultConfigurationName = Release;
		};
/* End XCConfigurationList section */
	};
	rootObject = 2E0C087A294F15290021C2D9 /* Project object */;
}
