// !$*UTF8*$!
{
	archiveVersion = 1;
	classes = {
	};
	objectVersion = 56;
	objects = {

/* Begin PBXBuildFile section */
		2E02DB0F2964F47700B375E4 /* FirebaseAnalytics in Frameworks */ = {isa = PBXBuildFile; productRef = 2E02DB0E2964F47700B375E4 /* FirebaseAnalytics */; };
		2E02DB112964F47700B375E4 /* FirebaseAuth in Frameworks */ = {isa = PBXBuildFile; productRef = 2E02DB102964F47700B375E4 /* FirebaseAuth */; };
		2E02DB132964F47700B375E4 /* FirebaseDatabase in Frameworks */ = {isa = PBXBuildFile; productRef = 2E02DB122964F47700B375E4 /* FirebaseDatabase */; };
		2E02DB152964F47700B375E4 /* FirebaseFirestore in Frameworks */ = {isa = PBXBuildFile; productRef = 2E02DB142964F47700B375E4 /* FirebaseFirestore */; };
		2E02DB172964F47700B375E4 /* FirebaseFunctions in Frameworks */ = {isa = PBXBuildFile; productRef = 2E02DB162964F47700B375E4 /* FirebaseFunctions */; };
		2E02DB192964F47700B375E4 /* FirebaseStorage in Frameworks */ = {isa = PBXBuildFile; productRef = 2E02DB182964F47700B375E4 /* FirebaseStorage */; };
		2E02DB1D29650A3C00B375E4 /* DatabaseManager.swift in Sources */ = {isa = PBXBuildFile; fileRef = 2E02DB1C29650A3C00B375E4 /* DatabaseManager.swift */; };
		2E02DB1F296518F900B375E4 /* StorageManager.swift in Sources */ = {isa = PBXBuildFile; fileRef = 2E02DB1E296518F900B375E4 /* StorageManager.swift */; };
		2E02DB222965F1E300B375E4 /* LandingVC.swift in Sources */ = {isa = PBXBuildFile; fileRef = 2E02DB212965F1E300B375E4 /* LandingVC.swift */; };
		2E02DB242965F54500B375E4 /* LoginVC.swift in Sources */ = {isa = PBXBuildFile; fileRef = 2E02DB232965F54500B375E4 /* LoginVC.swift */; };
		2E02DB2629664A3D00B375E4 /* SettingsVC.swift in Sources */ = {isa = PBXBuildFile; fileRef = 2E02DB2529664A3D00B375E4 /* SettingsVC.swift */; };
		2E0C0886294F15290021C2D9 /* AppDelegate.swift in Sources */ = {isa = PBXBuildFile; fileRef = 2E0C0885294F15290021C2D9 /* AppDelegate.swift */; };
		2E0C0888294F15290021C2D9 /* SceneDelegate.swift in Sources */ = {isa = PBXBuildFile; fileRef = 2E0C0887294F15290021C2D9 /* SceneDelegate.swift */; };
		2E0C088F294F152A0021C2D9 /* Assets.xcassets in Resources */ = {isa = PBXBuildFile; fileRef = 2E0C088E294F152A0021C2D9 /* Assets.xcassets */; };
		2E0C0892294F152A0021C2D9 /* LaunchScreen.storyboard in Resources */ = {isa = PBXBuildFile; fileRef = 2E0C0890294F152A0021C2D9 /* LaunchScreen.storyboard */; };
		2E0C089A294F16C90021C2D9 /* HomeVC.swift in Sources */ = {isa = PBXBuildFile; fileRef = 2E0C0899294F16C90021C2D9 /* HomeVC.swift */; };
		2E0C089D294F17A10021C2D9 /* User.swift in Sources */ = {isa = PBXBuildFile; fileRef = 2E0C089C294F17A10021C2D9 /* User.swift */; };
		2E0C089F294F1AA90021C2D9 /* Post.swift in Sources */ = {isa = PBXBuildFile; fileRef = 2E0C089E294F1AA90021C2D9 /* Post.swift */; };
		2E11443F2964D86C00054D51 /* UploadPostVC.swift in Sources */ = {isa = PBXBuildFile; fileRef = 2E11443E2964D86C00054D51 /* UploadPostVC.swift */; };
		2E1B2B6C2974AF4F00EEF1D0 /* AppearanceVC.swift in Sources */ = {isa = PBXBuildFile; fileRef = 2E1B2B6B2974AF4F00EEF1D0 /* AppearanceVC.swift */; };
		2E2A67B429649C5000AE6DA2 /* AddFriendsVC.swift in Sources */ = {isa = PBXBuildFile; fileRef = 2E2A67B329649C5000AE6DA2 /* AddFriendsVC.swift */; };
		2E2A67B629649C9900AE6DA2 /* AddFriendsTableViewCell.swift in Sources */ = {isa = PBXBuildFile; fileRef = 2E2A67B529649C9900AE6DA2 /* AddFriendsTableViewCell.swift */; };
		2E311220295F85E3009D2752 /* BookmarksCollectionViewCell.swift in Sources */ = {isa = PBXBuildFile; fileRef = 2E31121F295F85E3009D2752 /* BookmarksCollectionViewCell.swift */; };
		2E311222295FCCA6009D2752 /* BooksInfoView.swift in Sources */ = {isa = PBXBuildFile; fileRef = 2E311221295FCCA6009D2752 /* BooksInfoView.swift */; };
		2E31122629611C63009D2752 /* FriendsVC.swift in Sources */ = {isa = PBXBuildFile; fileRef = 2E31122529611C63009D2752 /* FriendsVC.swift */; };
		2E31122829612335009D2752 /* EditProfileVC.swift in Sources */ = {isa = PBXBuildFile; fileRef = 2E31122729612335009D2752 /* EditProfileVC.swift */; };
		2E31122A29612787009D2752 /* EditProfilePictureView.swift in Sources */ = {isa = PBXBuildFile; fileRef = 2E31122929612787009D2752 /* EditProfilePictureView.swift */; };
		2E3BC6CE296E50CE008F5679 /* FirstNameVC.swift in Sources */ = {isa = PBXBuildFile; fileRef = 2E3BC6CD296E50CE008F5679 /* FirstNameVC.swift */; };
		2E3BC6D0296E6329008F5679 /* LastNameVC.swift in Sources */ = {isa = PBXBuildFile; fileRef = 2E3BC6CF296E6329008F5679 /* LastNameVC.swift */; };
		2E3BC6D2296E66C4008F5679 /* ProfilePicVC.swift in Sources */ = {isa = PBXBuildFile; fileRef = 2E3BC6D1296E66C4008F5679 /* ProfilePicVC.swift */; };
		2E3BC6D4296E7AAA008F5679 /* SuggestionsVC.swift in Sources */ = {isa = PBXBuildFile; fileRef = 2E3BC6D3296E7AAA008F5679 /* SuggestionsVC.swift */; };
		2E3BC6D6296E7EC4008F5679 /* TutorialView.swift in Sources */ = {isa = PBXBuildFile; fileRef = 2E3BC6D5296E7EC4008F5679 /* TutorialView.swift */; };
		2E553EB4295595A300A40575 /* Extensions and Protocols.swift in Sources */ = {isa = PBXBuildFile; fileRef = 2E553EB3295595A300A40575 /* Extensions and Protocols.swift */; };
		2E5DDAB5296FC9B50027CEAC /* SettingsView.swift in Sources */ = {isa = PBXBuildFile; fileRef = 2E5DDAB4296FC9B50027CEAC /* SettingsView.swift */; };
		2E5DDAB7296FE4520027CEAC /* BlockedVC.swift in Sources */ = {isa = PBXBuildFile; fileRef = 2E5DDAB6296FE4520027CEAC /* BlockedVC.swift */; };
		2E5DDAB9296FE4BF0027CEAC /* BlockedTableViewCell.swift in Sources */ = {isa = PBXBuildFile; fileRef = 2E5DDAB8296FE4BF0027CEAC /* BlockedTableViewCell.swift */; };
		2E5DDABB2970EA700027CEAC /* ContactsTableViewCell.swift in Sources */ = {isa = PBXBuildFile; fileRef = 2E5DDABA2970EA700027CEAC /* ContactsTableViewCell.swift */; };
		2E5E617D296F4B0B007DAA16 /* UsernameVC.swift in Sources */ = {isa = PBXBuildFile; fileRef = 2E5E617C296F4B0B007DAA16 /* UsernameVC.swift */; };
		2E68C0F42967CF9000CBEFFF /* Mappings.swift in Sources */ = {isa = PBXBuildFile; fileRef = 2E68C0F32967CF9000CBEFFF /* Mappings.swift */; };
		2E70868D295B9E97003D6E87 /* MemsInfoView.swift in Sources */ = {isa = PBXBuildFile; fileRef = 2E70868C295B9E97003D6E87 /* MemsInfoView.swift */; };
		2E77F7DF294FAC2100D6E8D0 /* Constants.swift in Sources */ = {isa = PBXBuildFile; fileRef = 2E77F7DE294FAC2100D6E8D0 /* Constants.swift */; };
		2E77F7E1294FB27100D6E8D0 /* PostCollectionViewCell.swift in Sources */ = {isa = PBXBuildFile; fileRef = 2E77F7E0294FB27100D6E8D0 /* PostCollectionViewCell.swift */; };
		2E816B022971DBCA00B1ED5D /* FirebaseMessaging in Frameworks */ = {isa = PBXBuildFile; productRef = 2E816B012971DBCA00B1ED5D /* FirebaseMessaging */; };
		2E9D43622962574400B6474C /* FriendsTableViewCell.swift in Sources */ = {isa = PBXBuildFile; fileRef = 2E9D43612962574400B6474C /* FriendsTableViewCell.swift */; };
		2E9D4364296294BA00B6474C /* RequestsVC.swift in Sources */ = {isa = PBXBuildFile; fileRef = 2E9D4363296294BA00B6474C /* RequestsVC.swift */; };
		2E9D43662962975200B6474C /* RequestTableViewCell.swift in Sources */ = {isa = PBXBuildFile; fileRef = 2E9D43652962975200B6474C /* RequestTableViewCell.swift */; };
		2E9D436829635B7800B6474C /* OtherUserProfileVC.swift in Sources */ = {isa = PBXBuildFile; fileRef = 2E9D436729635B7800B6474C /* OtherUserProfileVC.swift */; };
		2E9D436A29636C7700B6474C /* OtherProfileHeaders.swift in Sources */ = {isa = PBXBuildFile; fileRef = 2E9D436929636C7700B6474C /* OtherProfileHeaders.swift */; };
		2E9D436C29636F0F00B6474C /* OtherMemsCollectionViewCell.swift in Sources */ = {isa = PBXBuildFile; fileRef = 2E9D436B29636F0F00B6474C /* OtherMemsCollectionViewCell.swift */; };
		2ECBE29E2958204D00DFA64F /* PostInfoView.swift in Sources */ = {isa = PBXBuildFile; fileRef = 2ECBE29D2958204D00DFA64F /* PostInfoView.swift */; };
		2ECBE2A029590F2400DFA64F /* MainUserProfileVC.swift in Sources */ = {isa = PBXBuildFile; fileRef = 2ECBE29F29590F2400DFA64F /* MainUserProfileVC.swift */; };
		2ECBE2A22959131E00DFA64F /* ProfileHeaders.swift in Sources */ = {isa = PBXBuildFile; fileRef = 2ECBE2A12959131E00DFA64F /* ProfileHeaders.swift */; };
		2ECBE2A42959560E00DFA64F /* MemsCollectionViewCell.swift in Sources */ = {isa = PBXBuildFile; fileRef = 2ECBE2A32959560E00DFA64F /* MemsCollectionViewCell.swift */; };
		2ED4F1152953669B00E66E5F /* Comment and Reply.swift in Sources */ = {isa = PBXBuildFile; fileRef = 2ED4F1142953669B00E66E5F /* Comment and Reply.swift */; };
		2ED4F1172953711A00E66E5F /* CommentCells.swift in Sources */ = {isa = PBXBuildFile; fileRef = 2ED4F1162953711A00E66E5F /* CommentCells.swift */; };
		2EE3BA6A296FB8A000ACB16D /* GoogleService-Info.plist in Resources */ = {isa = PBXBuildFile; fileRef = 2EE3BA69296FB8A000ACB16D /* GoogleService-Info.plist */; };
		2EED0C862952D09F009BA4CE /* CommentVC.swift in Sources */ = {isa = PBXBuildFile; fileRef = 2EED0C852952D09F009BA4CE /* CommentVC.swift */; };
		2EF0A5672964A95500B2E799 /* TimerVC.swift in Sources */ = {isa = PBXBuildFile; fileRef = 2EF0A5662964A95500B2E799 /* TimerVC.swift */; };
		2EF946B7296DD1BD00F1927A /* SignupVC.swift in Sources */ = {isa = PBXBuildFile; fileRef = 2EF946B6296DD1BD00F1927A /* SignupVC.swift */; };
		2EF946B9296DE6F400F1927A /* PhoneVC.swift in Sources */ = {isa = PBXBuildFile; fileRef = 2EF946B8296DE6F400F1927A /* PhoneVC.swift */; };
		2EF946BB296E02DB00F1927A /* AuthManager.swift in Sources */ = {isa = PBXBuildFile; fileRef = 2EF946BA296E02DB00F1927A /* AuthManager.swift */; };
		2EF946BD296E0A3200F1927A /* ConfirmPhoneVC.swift in Sources */ = {isa = PBXBuildFile; fileRef = 2EF946BC296E0A3200F1927A /* ConfirmPhoneVC.swift */; };
		95F9EA770B5CCB2FEEC95B2E /* Pods_Scribbly.framework in Frameworks */ = {isa = PBXBuildFile; fileRef = 7C9DD0E0C765B1513ED1E38F /* Pods_Scribbly.framework */; };
/* End PBXBuildFile section */

/* Begin PBXFileReference section */
		09CD26885C10DD91ED831959 /* Pods-Scribbly.release.xcconfig */ = {isa = PBXFileReference; includeInIndex = 1; lastKnownFileType = text.xcconfig; name = "Pods-Scribbly.release.xcconfig"; path = "Target Support Files/Pods-Scribbly/Pods-Scribbly.release.xcconfig"; sourceTree = "<group>"; };
		15497A12645BB170857FF96D /* Pods-Scribbly.debug.xcconfig */ = {isa = PBXFileReference; includeInIndex = 1; lastKnownFileType = text.xcconfig; name = "Pods-Scribbly.debug.xcconfig"; path = "Target Support Files/Pods-Scribbly/Pods-Scribbly.debug.xcconfig"; sourceTree = "<group>"; };
		2E02DB1C29650A3C00B375E4 /* DatabaseManager.swift */ = {isa = PBXFileReference; lastKnownFileType = sourcecode.swift; path = DatabaseManager.swift; sourceTree = "<group>"; };
		2E02DB1E296518F900B375E4 /* StorageManager.swift */ = {isa = PBXFileReference; lastKnownFileType = sourcecode.swift; path = StorageManager.swift; sourceTree = "<group>"; };
		2E02DB212965F1E300B375E4 /* LandingVC.swift */ = {isa = PBXFileReference; lastKnownFileType = sourcecode.swift; path = LandingVC.swift; sourceTree = "<group>"; };
		2E02DB232965F54500B375E4 /* LoginVC.swift */ = {isa = PBXFileReference; lastKnownFileType = sourcecode.swift; path = LoginVC.swift; sourceTree = "<group>"; };
		2E02DB2529664A3D00B375E4 /* SettingsVC.swift */ = {isa = PBXFileReference; lastKnownFileType = sourcecode.swift; path = SettingsVC.swift; sourceTree = "<group>"; };
		2E0C0882294F15290021C2D9 /* Scribbly.app */ = {isa = PBXFileReference; explicitFileType = wrapper.application; includeInIndex = 0; path = Scribbly.app; sourceTree = BUILT_PRODUCTS_DIR; };
		2E0C0885294F15290021C2D9 /* AppDelegate.swift */ = {isa = PBXFileReference; lastKnownFileType = sourcecode.swift; path = AppDelegate.swift; sourceTree = "<group>"; };
		2E0C0887294F15290021C2D9 /* SceneDelegate.swift */ = {isa = PBXFileReference; lastKnownFileType = sourcecode.swift; path = SceneDelegate.swift; sourceTree = "<group>"; };
		2E0C088E294F152A0021C2D9 /* Assets.xcassets */ = {isa = PBXFileReference; lastKnownFileType = folder.assetcatalog; path = Assets.xcassets; sourceTree = "<group>"; };
		2E0C0891294F152A0021C2D9 /* Base */ = {isa = PBXFileReference; lastKnownFileType = file.storyboard; name = Base; path = Base.lproj/LaunchScreen.storyboard; sourceTree = "<group>"; };
		2E0C0893294F152A0021C2D9 /* Info.plist */ = {isa = PBXFileReference; lastKnownFileType = text.plist.xml; path = Info.plist; sourceTree = "<group>"; };
		2E0C0899294F16C90021C2D9 /* HomeVC.swift */ = {isa = PBXFileReference; lastKnownFileType = sourcecode.swift; path = HomeVC.swift; sourceTree = "<group>"; };
		2E0C089C294F17A10021C2D9 /* User.swift */ = {isa = PBXFileReference; lastKnownFileType = sourcecode.swift; path = User.swift; sourceTree = "<group>"; };
		2E0C089E294F1AA90021C2D9 /* Post.swift */ = {isa = PBXFileReference; lastKnownFileType = sourcecode.swift; path = Post.swift; sourceTree = "<group>"; };
		2E11443E2964D86C00054D51 /* UploadPostVC.swift */ = {isa = PBXFileReference; lastKnownFileType = sourcecode.swift; path = UploadPostVC.swift; sourceTree = "<group>"; };
		2E1B2B6B2974AF4F00EEF1D0 /* AppearanceVC.swift */ = {isa = PBXFileReference; lastKnownFileType = sourcecode.swift; path = AppearanceVC.swift; sourceTree = "<group>"; };
		2E2A67B329649C5000AE6DA2 /* AddFriendsVC.swift */ = {isa = PBXFileReference; lastKnownFileType = sourcecode.swift; path = AddFriendsVC.swift; sourceTree = "<group>"; };
		2E2A67B529649C9900AE6DA2 /* AddFriendsTableViewCell.swift */ = {isa = PBXFileReference; lastKnownFileType = sourcecode.swift; path = AddFriendsTableViewCell.swift; sourceTree = "<group>"; };
		2E31121F295F85E3009D2752 /* BookmarksCollectionViewCell.swift */ = {isa = PBXFileReference; lastKnownFileType = sourcecode.swift; path = BookmarksCollectionViewCell.swift; sourceTree = "<group>"; };
		2E311221295FCCA6009D2752 /* BooksInfoView.swift */ = {isa = PBXFileReference; lastKnownFileType = sourcecode.swift; path = BooksInfoView.swift; sourceTree = "<group>"; };
		2E31122529611C63009D2752 /* FriendsVC.swift */ = {isa = PBXFileReference; lastKnownFileType = sourcecode.swift; path = FriendsVC.swift; sourceTree = "<group>"; };
		2E31122729612335009D2752 /* EditProfileVC.swift */ = {isa = PBXFileReference; lastKnownFileType = sourcecode.swift; path = EditProfileVC.swift; sourceTree = "<group>"; };
		2E31122929612787009D2752 /* EditProfilePictureView.swift */ = {isa = PBXFileReference; lastKnownFileType = sourcecode.swift; path = EditProfilePictureView.swift; sourceTree = "<group>"; };
		2E3BC6CD296E50CE008F5679 /* FirstNameVC.swift */ = {isa = PBXFileReference; lastKnownFileType = sourcecode.swift; path = FirstNameVC.swift; sourceTree = "<group>"; };
		2E3BC6CF296E6329008F5679 /* LastNameVC.swift */ = {isa = PBXFileReference; lastKnownFileType = sourcecode.swift; path = LastNameVC.swift; sourceTree = "<group>"; };
		2E3BC6D1296E66C4008F5679 /* ProfilePicVC.swift */ = {isa = PBXFileReference; lastKnownFileType = sourcecode.swift; path = ProfilePicVC.swift; sourceTree = "<group>"; };
		2E3BC6D3296E7AAA008F5679 /* SuggestionsVC.swift */ = {isa = PBXFileReference; lastKnownFileType = sourcecode.swift; path = SuggestionsVC.swift; sourceTree = "<group>"; };
		2E3BC6D5296E7EC4008F5679 /* TutorialView.swift */ = {isa = PBXFileReference; lastKnownFileType = sourcecode.swift; path = TutorialView.swift; sourceTree = "<group>"; };
		2E553EB3295595A300A40575 /* Extensions and Protocols.swift */ = {isa = PBXFileReference; lastKnownFileType = sourcecode.swift; path = "Extensions and Protocols.swift"; sourceTree = "<group>"; };
		2E5DDAB4296FC9B50027CEAC /* SettingsView.swift */ = {isa = PBXFileReference; lastKnownFileType = sourcecode.swift; path = SettingsView.swift; sourceTree = "<group>"; };
		2E5DDAB6296FE4520027CEAC /* BlockedVC.swift */ = {isa = PBXFileReference; lastKnownFileType = sourcecode.swift; path = BlockedVC.swift; sourceTree = "<group>"; };
		2E5DDAB8296FE4BF0027CEAC /* BlockedTableViewCell.swift */ = {isa = PBXFileReference; lastKnownFileType = sourcecode.swift; path = BlockedTableViewCell.swift; sourceTree = "<group>"; };
		2E5DDABA2970EA700027CEAC /* ContactsTableViewCell.swift */ = {isa = PBXFileReference; lastKnownFileType = sourcecode.swift; path = ContactsTableViewCell.swift; sourceTree = "<group>"; };
		2E5E617C296F4B0B007DAA16 /* UsernameVC.swift */ = {isa = PBXFileReference; lastKnownFileType = sourcecode.swift; path = UsernameVC.swift; sourceTree = "<group>"; };
		2E68C0F32967CF9000CBEFFF /* Mappings.swift */ = {isa = PBXFileReference; lastKnownFileType = sourcecode.swift; path = Mappings.swift; sourceTree = "<group>"; };
		2E70868C295B9E97003D6E87 /* MemsInfoView.swift */ = {isa = PBXFileReference; lastKnownFileType = sourcecode.swift; path = MemsInfoView.swift; sourceTree = "<group>"; };
		2E77F7DE294FAC2100D6E8D0 /* Constants.swift */ = {isa = PBXFileReference; lastKnownFileType = sourcecode.swift; path = Constants.swift; sourceTree = "<group>"; };
		2E77F7E0294FB27100D6E8D0 /* PostCollectionViewCell.swift */ = {isa = PBXFileReference; lastKnownFileType = sourcecode.swift; path = PostCollectionViewCell.swift; sourceTree = "<group>"; };
		2E9D43612962574400B6474C /* FriendsTableViewCell.swift */ = {isa = PBXFileReference; lastKnownFileType = sourcecode.swift; path = FriendsTableViewCell.swift; sourceTree = "<group>"; };
		2E9D4363296294BA00B6474C /* RequestsVC.swift */ = {isa = PBXFileReference; lastKnownFileType = sourcecode.swift; path = RequestsVC.swift; sourceTree = "<group>"; };
		2E9D43652962975200B6474C /* RequestTableViewCell.swift */ = {isa = PBXFileReference; lastKnownFileType = sourcecode.swift; path = RequestTableViewCell.swift; sourceTree = "<group>"; };
		2E9D436729635B7800B6474C /* OtherUserProfileVC.swift */ = {isa = PBXFileReference; lastKnownFileType = sourcecode.swift; path = OtherUserProfileVC.swift; sourceTree = "<group>"; };
		2E9D436929636C7700B6474C /* OtherProfileHeaders.swift */ = {isa = PBXFileReference; lastKnownFileType = sourcecode.swift; path = OtherProfileHeaders.swift; sourceTree = "<group>"; };
		2E9D436B29636F0F00B6474C /* OtherMemsCollectionViewCell.swift */ = {isa = PBXFileReference; lastKnownFileType = sourcecode.swift; path = OtherMemsCollectionViewCell.swift; sourceTree = "<group>"; };
		2ECBE29D2958204D00DFA64F /* PostInfoView.swift */ = {isa = PBXFileReference; lastKnownFileType = sourcecode.swift; path = PostInfoView.swift; sourceTree = "<group>"; };
		2ECBE29F29590F2400DFA64F /* MainUserProfileVC.swift */ = {isa = PBXFileReference; lastKnownFileType = sourcecode.swift; path = MainUserProfileVC.swift; sourceTree = "<group>"; };
		2ECBE2A12959131E00DFA64F /* ProfileHeaders.swift */ = {isa = PBXFileReference; lastKnownFileType = sourcecode.swift; path = ProfileHeaders.swift; sourceTree = "<group>"; };
		2ECBE2A32959560E00DFA64F /* MemsCollectionViewCell.swift */ = {isa = PBXFileReference; lastKnownFileType = sourcecode.swift; path = MemsCollectionViewCell.swift; sourceTree = "<group>"; };
		2ED4F1142953669B00E66E5F /* Comment and Reply.swift */ = {isa = PBXFileReference; lastKnownFileType = sourcecode.swift; path = "Comment and Reply.swift"; sourceTree = "<group>"; };
		2ED4F1162953711A00E66E5F /* CommentCells.swift */ = {isa = PBXFileReference; lastKnownFileType = sourcecode.swift; path = CommentCells.swift; sourceTree = "<group>"; };
		2EE3BA69296FB8A000ACB16D /* GoogleService-Info.plist */ = {isa = PBXFileReference; fileEncoding = 4; lastKnownFileType = text.plist.xml; path = "GoogleService-Info.plist"; sourceTree = "<group>"; };
		2EED0C852952D09F009BA4CE /* CommentVC.swift */ = {isa = PBXFileReference; lastKnownFileType = sourcecode.swift; path = CommentVC.swift; sourceTree = "<group>"; };
		2EF0A5662964A95500B2E799 /* TimerVC.swift */ = {isa = PBXFileReference; lastKnownFileType = sourcecode.swift; path = TimerVC.swift; sourceTree = "<group>"; };
		2EF946B6296DD1BD00F1927A /* SignupVC.swift */ = {isa = PBXFileReference; lastKnownFileType = sourcecode.swift; path = SignupVC.swift; sourceTree = "<group>"; };
		2EF946B8296DE6F400F1927A /* PhoneVC.swift */ = {isa = PBXFileReference; lastKnownFileType = sourcecode.swift; path = PhoneVC.swift; sourceTree = "<group>"; };
		2EF946BA296E02DB00F1927A /* AuthManager.swift */ = {isa = PBXFileReference; lastKnownFileType = sourcecode.swift; path = AuthManager.swift; sourceTree = "<group>"; };
		2EF946BC296E0A3200F1927A /* ConfirmPhoneVC.swift */ = {isa = PBXFileReference; lastKnownFileType = sourcecode.swift; path = ConfirmPhoneVC.swift; sourceTree = "<group>"; };
		2EF946BE296E0C3800F1927A /* Scribbly.entitlements */ = {isa = PBXFileReference; lastKnownFileType = text.plist.entitlements; path = Scribbly.entitlements; sourceTree = "<group>"; };
		7C9DD0E0C765B1513ED1E38F /* Pods_Scribbly.framework */ = {isa = PBXFileReference; explicitFileType = wrapper.framework; includeInIndex = 0; path = Pods_Scribbly.framework; sourceTree = BUILT_PRODUCTS_DIR; };
/* End PBXFileReference section */

/* Begin PBXFrameworksBuildPhase section */
		2E0C087F294F15290021C2D9 /* Frameworks */ = {
			isa = PBXFrameworksBuildPhase;
			buildActionMask = 2147483647;
			files = (
				2E816B022971DBCA00B1ED5D /* FirebaseMessaging in Frameworks */,
				2E02DB0F2964F47700B375E4 /* FirebaseAnalytics in Frameworks */,
				2E02DB112964F47700B375E4 /* FirebaseAuth in Frameworks */,
				2E02DB132964F47700B375E4 /* FirebaseDatabase in Frameworks */,
				2E02DB172964F47700B375E4 /* FirebaseFunctions in Frameworks */,
				2E02DB192964F47700B375E4 /* FirebaseStorage in Frameworks */,
				2E02DB152964F47700B375E4 /* FirebaseFirestore in Frameworks */,
				95F9EA770B5CCB2FEEC95B2E /* Pods_Scribbly.framework in Frameworks */,
			);
			runOnlyForDeploymentPostprocessing = 0;
		};
/* End PBXFrameworksBuildPhase section */

/* Begin PBXGroup section */
		2AC938B8D2C2523E39FA89D9 /* Frameworks */ = {
			isa = PBXGroup;
			children = (
				7C9DD0E0C765B1513ED1E38F /* Pods_Scribbly.framework */,
			);
			name = Frameworks;
			sourceTree = "<group>";
		};
		2E02DB202965EFBC00B375E4 /* Landing and Onboarding */ = {
			isa = PBXGroup;
			children = (
				2E02DB212965F1E300B375E4 /* LandingVC.swift */,
				2E02DB232965F54500B375E4 /* LoginVC.swift */,
				2EF946B6296DD1BD00F1927A /* SignupVC.swift */,
				2EF946B8296DE6F400F1927A /* PhoneVC.swift */,
				2EF946BC296E0A3200F1927A /* ConfirmPhoneVC.swift */,
				2E3BC6CD296E50CE008F5679 /* FirstNameVC.swift */,
				2E3BC6CF296E6329008F5679 /* LastNameVC.swift */,
				2E5E617C296F4B0B007DAA16 /* UsernameVC.swift */,
				2E3BC6D1296E66C4008F5679 /* ProfilePicVC.swift */,
				2E3BC6D3296E7AAA008F5679 /* SuggestionsVC.swift */,
				2E3BC6D5296E7EC4008F5679 /* TutorialView.swift */,
				2E5DDABA2970EA700027CEAC /* ContactsTableViewCell.swift */,
			);
			path = "Landing and Onboarding";
			sourceTree = "<group>";
		};
		2E0C0879294F15290021C2D9 = {
			isa = PBXGroup;
			children = (
				2E0C0884294F15290021C2D9 /* Scribbly */,
				2E0C0883294F15290021C2D9 /* Products */,
				826A180F7573537C2C38A89B /* Pods */,
				2AC938B8D2C2523E39FA89D9 /* Frameworks */,
			);
			sourceTree = "<group>";
		};
		2E0C0883294F15290021C2D9 /* Products */ = {
			isa = PBXGroup;
			children = (
				2E0C0882294F15290021C2D9 /* Scribbly.app */,
			);
			name = Products;
			sourceTree = "<group>";
		};
		2E0C0884294F15290021C2D9 /* Scribbly */ = {
			isa = PBXGroup;
			children = (
				2EF946BE296E0C3800F1927A /* Scribbly.entitlements */,
				2E0C0890294F152A0021C2D9 /* LaunchScreen.storyboard */,
				2E0C088E294F152A0021C2D9 /* Assets.xcassets */,
				2EE3BA69296FB8A000ACB16D /* GoogleService-Info.plist */,
				2E0C0893294F152A0021C2D9 /* Info.plist */,
				2E0C0885294F15290021C2D9 /* AppDelegate.swift */,
				2E0C0887294F15290021C2D9 /* SceneDelegate.swift */,
				2E5E617E296F6AAC007DAA16 /* Firebase */,
				2E02DB202965EFBC00B375E4 /* Landing and Onboarding */,
				2E553EB62955960600A40575 /* Views */,
				2E553EB5295595DD00A40575 /* VCs */,
				2E0C08A0294F28470021C2D9 /* Images */,
				2E0C089B294F17800021C2D9 /* Models */,
				2E3112242960E5C1009D2752 /* Other */,
			);
			path = Scribbly;
			sourceTree = "<group>";
		};
		2E0C089B294F17800021C2D9 /* Models */ = {
			isa = PBXGroup;
			children = (
				2E0C089C294F17A10021C2D9 /* User.swift */,
				2E0C089E294F1AA90021C2D9 /* Post.swift */,
				2ED4F1142953669B00E66E5F /* Comment and Reply.swift */,
			);
			path = Models;
			sourceTree = "<group>";
		};
		2E0C08A0294F28470021C2D9 /* Images */ = {
			isa = PBXGroup;
			children = (
			);
			path = Images;
			sourceTree = "<group>";
		};
		2E3112242960E5C1009D2752 /* Other */ = {
			isa = PBXGroup;
			children = (
				2E68C0F32967CF9000CBEFFF /* Mappings.swift */,
				2E77F7DE294FAC2100D6E8D0 /* Constants.swift */,
				2E553EB3295595A300A40575 /* Extensions and Protocols.swift */,
			);
			path = Other;
			sourceTree = "<group>";
		};
		2E553EB5295595DD00A40575 /* VCs */ = {
			isa = PBXGroup;
			children = (
				2E0C0899294F16C90021C2D9 /* HomeVC.swift */,
				2EED0C852952D09F009BA4CE /* CommentVC.swift */,
				2ECBE29F29590F2400DFA64F /* MainUserProfileVC.swift */,
				2E31122529611C63009D2752 /* FriendsVC.swift */,
				2E31122729612335009D2752 /* EditProfileVC.swift */,
				2E9D4363296294BA00B6474C /* RequestsVC.swift */,
				2E9D436729635B7800B6474C /* OtherUserProfileVC.swift */,
				2E2A67B329649C5000AE6DA2 /* AddFriendsVC.swift */,
				2EF0A5662964A95500B2E799 /* TimerVC.swift */,
				2E11443E2964D86C00054D51 /* UploadPostVC.swift */,
				2E02DB2529664A3D00B375E4 /* SettingsVC.swift */,
				2E5DDAB6296FE4520027CEAC /* BlockedVC.swift */,
				2E1B2B6B2974AF4F00EEF1D0 /* AppearanceVC.swift */,
			);
			path = VCs;
			sourceTree = "<group>";
		};
		2E553EB62955960600A40575 /* Views */ = {
			isa = PBXGroup;
			children = (
				2E77F7E0294FB27100D6E8D0 /* PostCollectionViewCell.swift */,
				2ED4F1162953711A00E66E5F /* CommentCells.swift */,
				2ECBE29D2958204D00DFA64F /* PostInfoView.swift */,
				2ECBE2A12959131E00DFA64F /* ProfileHeaders.swift */,
				2E70868C295B9E97003D6E87 /* MemsInfoView.swift */,
				2ECBE2A32959560E00DFA64F /* MemsCollectionViewCell.swift */,
				2E311221295FCCA6009D2752 /* BooksInfoView.swift */,
				2E31121F295F85E3009D2752 /* BookmarksCollectionViewCell.swift */,
				2E31122929612787009D2752 /* EditProfilePictureView.swift */,
				2E9D43612962574400B6474C /* FriendsTableViewCell.swift */,
				2E9D43652962975200B6474C /* RequestTableViewCell.swift */,
				2E9D436929636C7700B6474C /* OtherProfileHeaders.swift */,
				2E9D436B29636F0F00B6474C /* OtherMemsCollectionViewCell.swift */,
				2E2A67B529649C9900AE6DA2 /* AddFriendsTableViewCell.swift */,
				2E5DDAB4296FC9B50027CEAC /* SettingsView.swift */,
				2E5DDAB8296FE4BF0027CEAC /* BlockedTableViewCell.swift */,
			);
			path = Views;
			sourceTree = "<group>";
		};
		2E5E617E296F6AAC007DAA16 /* Firebase */ = {
			isa = PBXGroup;
			children = (
				2E02DB1C29650A3C00B375E4 /* DatabaseManager.swift */,
				2E02DB1E296518F900B375E4 /* StorageManager.swift */,
				2EF946BA296E02DB00F1927A /* AuthManager.swift */,
			);
			path = Firebase;
			sourceTree = "<group>";
		};
		826A180F7573537C2C38A89B /* Pods */ = {
			isa = PBXGroup;
			children = (
				15497A12645BB170857FF96D /* Pods-Scribbly.debug.xcconfig */,
				09CD26885C10DD91ED831959 /* Pods-Scribbly.release.xcconfig */,
			);
			path = Pods;
			sourceTree = "<group>";
		};
/* End PBXGroup section */

/* Begin PBXNativeTarget section */
		2E0C0881294F15290021C2D9 /* Scribbly */ = {
			isa = PBXNativeTarget;
			buildConfigurationList = 2E0C0896294F152A0021C2D9 /* Build configuration list for PBXNativeTarget "Scribbly" */;
			buildPhases = (
				EC29E5859F186C40AF1CBCDF /* [CP] Check Pods Manifest.lock */,
				2E0C087E294F15290021C2D9 /* Sources */,
				2E0C087F294F15290021C2D9 /* Frameworks */,
				2E0C0880294F15290021C2D9 /* Resources */,
				91B8472D09B182D539268478 /* [CP] Embed Pods Frameworks */,
			);
			buildRules = (
			);
			dependencies = (
			);
			name = Scribbly;
			packageProductDependencies = (
				2E02DB0E2964F47700B375E4 /* FirebaseAnalytics */,
				2E02DB102964F47700B375E4 /* FirebaseAuth */,
				2E02DB122964F47700B375E4 /* FirebaseDatabase */,
				2E02DB142964F47700B375E4 /* FirebaseFirestore */,
				2E02DB162964F47700B375E4 /* FirebaseFunctions */,
				2E02DB182964F47700B375E4 /* FirebaseStorage */,
				2E816B012971DBCA00B1ED5D /* FirebaseMessaging */,
			);
			productName = Scribbly;
			productReference = 2E0C0882294F15290021C2D9 /* Scribbly.app */;
			productType = "com.apple.product-type.application";
		};
/* End PBXNativeTarget section */

/* Begin PBXProject section */
		2E0C087A294F15290021C2D9 /* Project object */ = {
			isa = PBXProject;
			attributes = {
				BuildIndependentTargetsInParallel = 1;
				LastSwiftUpdateCheck = 1420;
				LastUpgradeCheck = 1420;
				TargetAttributes = {
					2E0C0881294F15290021C2D9 = {
						CreatedOnToolsVersion = 14.2;
					};
				};
			};
			buildConfigurationList = 2E0C087D294F15290021C2D9 /* Build configuration list for PBXProject "Scribbly" */;
			compatibilityVersion = "Xcode 14.0";
			developmentRegion = en;
			hasScannedForEncodings = 0;
			knownRegions = (
				en,
				Base,
			);
			mainGroup = 2E0C0879294F15290021C2D9;
			packageReferences = (
				2E02DB0D2964F47700B375E4 /* XCRemoteSwiftPackageReference "firebase-ios-sdk" */,
			);
			productRefGroup = 2E0C0883294F15290021C2D9 /* Products */;
			projectDirPath = "";
			projectRoot = "";
			targets = (
				2E0C0881294F15290021C2D9 /* Scribbly */,
			);
		};
/* End PBXProject section */

/* Begin PBXResourcesBuildPhase section */
		2E0C0880294F15290021C2D9 /* Resources */ = {
			isa = PBXResourcesBuildPhase;
			buildActionMask = 2147483647;
			files = (
				2E0C0892294F152A0021C2D9 /* LaunchScreen.storyboard in Resources */,
				2EE3BA6A296FB8A000ACB16D /* GoogleService-Info.plist in Resources */,
				2E0C088F294F152A0021C2D9 /* Assets.xcassets in Resources */,
			);
			runOnlyForDeploymentPostprocessing = 0;
		};
/* End PBXResourcesBuildPhase section */

/* Begin PBXShellScriptBuildPhase section */
		91B8472D09B182D539268478 /* [CP] Embed Pods Frameworks */ = {
			isa = PBXShellScriptBuildPhase;
			buildActionMask = 2147483647;
			files = (
			);
			inputFileListPaths = (
				"${PODS_ROOT}/Target Support Files/Pods-Scribbly/Pods-Scribbly-frameworks-${CONFIGURATION}-input-files.xcfilelist",
			);
			name = "[CP] Embed Pods Frameworks";
			outputFileListPaths = (
				"${PODS_ROOT}/Target Support Files/Pods-Scribbly/Pods-Scribbly-frameworks-${CONFIGURATION}-output-files.xcfilelist",
			);
			runOnlyForDeploymentPostprocessing = 0;
			shellPath = /bin/sh;
			shellScript = "\"${PODS_ROOT}/Target Support Files/Pods-Scribbly/Pods-Scribbly-frameworks.sh\"\n";
			showEnvVarsInLog = 0;
		};
		EC29E5859F186C40AF1CBCDF /* [CP] Check Pods Manifest.lock */ = {
			isa = PBXShellScriptBuildPhase;
			buildActionMask = 2147483647;
			files = (
			);
			inputFileListPaths = (
			);
			inputPaths = (
				"${PODS_PODFILE_DIR_PATH}/Podfile.lock",
				"${PODS_ROOT}/Manifest.lock",
			);
			name = "[CP] Check Pods Manifest.lock";
			outputFileListPaths = (
			);
			outputPaths = (
				"$(DERIVED_FILE_DIR)/Pods-Scribbly-checkManifestLockResult.txt",
			);
			runOnlyForDeploymentPostprocessing = 0;
			shellPath = /bin/sh;
			shellScript = "diff \"${PODS_PODFILE_DIR_PATH}/Podfile.lock\" \"${PODS_ROOT}/Manifest.lock\" > /dev/null\nif [ $? != 0 ] ; then\n    # print error to STDERR\n    echo \"error: The sandbox is not in sync with the Podfile.lock. Run 'pod install' or update your CocoaPods installation.\" >&2\n    exit 1\nfi\n# This output is used by Xcode 'outputs' to avoid re-running this script phase.\necho \"SUCCESS\" > \"${SCRIPT_OUTPUT_FILE_0}\"\n";
			showEnvVarsInLog = 0;
		};
/* End PBXShellScriptBuildPhase section */

/* Begin PBXSourcesBuildPhase section */
		2E0C087E294F15290021C2D9 /* Sources */ = {
			isa = PBXSourcesBuildPhase;
			buildActionMask = 2147483647;
			files = (
				2ECBE2A42959560E00DFA64F /* MemsCollectionViewCell.swift in Sources */,
				2E31122629611C63009D2752 /* FriendsVC.swift in Sources */,
				2E68C0F42967CF9000CBEFFF /* Mappings.swift in Sources */,
				2ECBE29E2958204D00DFA64F /* PostInfoView.swift in Sources */,
				2E0C089D294F17A10021C2D9 /* User.swift in Sources */,
				2E1B2B6C2974AF4F00EEF1D0 /* AppearanceVC.swift in Sources */,
				2E311222295FCCA6009D2752 /* BooksInfoView.swift in Sources */,
				2E3BC6D4296E7AAA008F5679 /* SuggestionsVC.swift in Sources */,
				2EF946B7296DD1BD00F1927A /* SignupVC.swift in Sources */,
				2E0C089A294F16C90021C2D9 /* HomeVC.swift in Sources */,
				2E5DDAB5296FC9B50027CEAC /* SettingsView.swift in Sources */,
				2E0C0886294F15290021C2D9 /* AppDelegate.swift in Sources */,
				2EED0C862952D09F009BA4CE /* CommentVC.swift in Sources */,
				2E9D436A29636C7700B6474C /* OtherProfileHeaders.swift in Sources */,
				2E2A67B629649C9900AE6DA2 /* AddFriendsTableViewCell.swift in Sources */,
				2EF946BB296E02DB00F1927A /* AuthManager.swift in Sources */,
				2E9D4364296294BA00B6474C /* RequestsVC.swift in Sources */,
				2E311220295F85E3009D2752 /* BookmarksCollectionViewCell.swift in Sources */,
				2E0C0888294F15290021C2D9 /* SceneDelegate.swift in Sources */,
				2E31122829612335009D2752 /* EditProfileVC.swift in Sources */,
				2E02DB242965F54500B375E4 /* LoginVC.swift in Sources */,
				2E3BC6D0296E6329008F5679 /* LastNameVC.swift in Sources */,
				2ECBE2A029590F2400DFA64F /* MainUserProfileVC.swift in Sources */,
				2E9D43662962975200B6474C /* RequestTableViewCell.swift in Sources */,
				2E02DB1F296518F900B375E4 /* StorageManager.swift in Sources */,
				2E11443F2964D86C00054D51 /* UploadPostVC.swift in Sources */,
				2E02DB2629664A3D00B375E4 /* SettingsVC.swift in Sources */,
				2E5DDABB2970EA700027CEAC /* ContactsTableViewCell.swift in Sources */,
				2ECBE2A22959131E00DFA64F /* ProfileHeaders.swift in Sources */,
				2E9D436C29636F0F00B6474C /* OtherMemsCollectionViewCell.swift in Sources */,
				2E70868D295B9E97003D6E87 /* MemsInfoView.swift in Sources */,
				2ED4F1172953711A00E66E5F /* CommentCells.swift in Sources */,
				2EF946B9296DE6F400F1927A /* PhoneVC.swift in Sources */,
				2E5DDAB7296FE4520027CEAC /* BlockedVC.swift in Sources */,
				2E9D436829635B7800B6474C /* OtherUserProfileVC.swift in Sources */,
				2E02DB1D29650A3C00B375E4 /* DatabaseManager.swift in Sources */,
				2ED4F1152953669B00E66E5F /* Comment and Reply.swift in Sources */,
				2EF946BD296E0A3200F1927A /* ConfirmPhoneVC.swift in Sources */,
				2E3BC6D6296E7EC4008F5679 /* TutorialView.swift in Sources */,
				2E5E617D296F4B0B007DAA16 /* UsernameVC.swift in Sources */,
				2E31122A29612787009D2752 /* EditProfilePictureView.swift in Sources */,
				2E2A67B429649C5000AE6DA2 /* AddFriendsVC.swift in Sources */,
				2E3BC6D2296E66C4008F5679 /* ProfilePicVC.swift in Sources */,
				2E553EB4295595A300A40575 /* Extensions and Protocols.swift in Sources */,
				2E9D43622962574400B6474C /* FriendsTableViewCell.swift in Sources */,
				2EF0A5672964A95500B2E799 /* TimerVC.swift in Sources */,
				2E02DB222965F1E300B375E4 /* LandingVC.swift in Sources */,
				2E0C089F294F1AA90021C2D9 /* Post.swift in Sources */,
				2E5DDAB9296FE4BF0027CEAC /* BlockedTableViewCell.swift in Sources */,
				2E77F7E1294FB27100D6E8D0 /* PostCollectionViewCell.swift in Sources */,
				2E3BC6CE296E50CE008F5679 /* FirstNameVC.swift in Sources */,
				2E77F7DF294FAC2100D6E8D0 /* Constants.swift in Sources */,
			);
			runOnlyForDeploymentPostprocessing = 0;
		};
/* End PBXSourcesBuildPhase section */

/* Begin PBXVariantGroup section */
		2E0C0890294F152A0021C2D9 /* LaunchScreen.storyboard */ = {
			isa = PBXVariantGroup;
			children = (
				2E0C0891294F152A0021C2D9 /* Base */,
			);
			name = LaunchScreen.storyboard;
			sourceTree = "<group>";
		};
/* End PBXVariantGroup section */

/* Begin XCBuildConfiguration section */
		2E0C0894294F152A0021C2D9 /* Debug */ = {
			isa = XCBuildConfiguration;
			buildSettings = {
				ALWAYS_SEARCH_USER_PATHS = NO;
				CLANG_ANALYZER_NONNULL = YES;
				CLANG_ANALYZER_NUMBER_OBJECT_CONVERSION = YES_AGGRESSIVE;
				CLANG_CXX_LANGUAGE_STANDARD = "gnu++20";
				CLANG_ENABLE_MODULES = YES;
				CLANG_ENABLE_OBJC_ARC = YES;
				CLANG_ENABLE_OBJC_WEAK = YES;
				CLANG_WARN_BLOCK_CAPTURE_AUTORELEASING = YES;
				CLANG_WARN_BOOL_CONVERSION = YES;
				CLANG_WARN_COMMA = YES;
				CLANG_WARN_CONSTANT_CONVERSION = YES;
				CLANG_WARN_DEPRECATED_OBJC_IMPLEMENTATIONS = YES;
				CLANG_WARN_DIRECT_OBJC_ISA_USAGE = YES_ERROR;
				CLANG_WARN_DOCUMENTATION_COMMENTS = YES;
				CLANG_WARN_EMPTY_BODY = YES;
				CLANG_WARN_ENUM_CONVERSION = YES;
				CLANG_WARN_INFINITE_RECURSION = YES;
				CLANG_WARN_INT_CONVERSION = YES;
				CLANG_WARN_NON_LITERAL_NULL_CONVERSION = YES;
				CLANG_WARN_OBJC_IMPLICIT_RETAIN_SELF = YES;
				CLANG_WARN_OBJC_LITERAL_CONVERSION = YES;
				CLANG_WARN_OBJC_ROOT_CLASS = YES_ERROR;
				CLANG_WARN_QUOTED_INCLUDE_IN_FRAMEWORK_HEADER = YES;
				CLANG_WARN_RANGE_LOOP_ANALYSIS = YES;
				CLANG_WARN_STRICT_PROTOTYPES = YES;
				CLANG_WARN_SUSPICIOUS_MOVE = YES;
				CLANG_WARN_UNGUARDED_AVAILABILITY = YES_AGGRESSIVE;
				CLANG_WARN_UNREACHABLE_CODE = YES;
				CLANG_WARN__DUPLICATE_METHOD_MATCH = YES;
				COPY_PHASE_STRIP = NO;
				DEBUG_INFORMATION_FORMAT = dwarf;
				ENABLE_STRICT_OBJC_MSGSEND = YES;
				ENABLE_TESTABILITY = YES;
				GCC_C_LANGUAGE_STANDARD = gnu11;
				GCC_DYNAMIC_NO_PIC = NO;
				GCC_NO_COMMON_BLOCKS = YES;
				GCC_OPTIMIZATION_LEVEL = 0;
				GCC_PREPROCESSOR_DEFINITIONS = (
					"DEBUG=1",
					"$(inherited)",
				);
				GCC_WARN_64_TO_32_BIT_CONVERSION = YES;
				GCC_WARN_ABOUT_RETURN_TYPE = YES_ERROR;
				GCC_WARN_UNDECLARED_SELECTOR = YES;
				GCC_WARN_UNINITIALIZED_AUTOS = YES_AGGRESSIVE;
				GCC_WARN_UNUSED_FUNCTION = YES;
				GCC_WARN_UNUSED_VARIABLE = YES;
				IPHONEOS_DEPLOYMENT_TARGET = 16.2;
				MTL_ENABLE_DEBUG_INFO = INCLUDE_SOURCE;
				MTL_FAST_MATH = YES;
				ONLY_ACTIVE_ARCH = YES;
				SDKROOT = iphoneos;
				SWIFT_ACTIVE_COMPILATION_CONDITIONS = DEBUG;
				SWIFT_OPTIMIZATION_LEVEL = "-Onone";
			};
			name = Debug;
		};
		2E0C0895294F152A0021C2D9 /* Release */ = {
			isa = XCBuildConfiguration;
			buildSettings = {
				ALWAYS_SEARCH_USER_PATHS = NO;
				CLANG_ANALYZER_NONNULL = YES;
				CLANG_ANALYZER_NUMBER_OBJECT_CONVERSION = YES_AGGRESSIVE;
				CLANG_CXX_LANGUAGE_STANDARD = "gnu++20";
				CLANG_ENABLE_MODULES = YES;
				CLANG_ENABLE_OBJC_ARC = YES;
				CLANG_ENABLE_OBJC_WEAK = YES;
				CLANG_WARN_BLOCK_CAPTURE_AUTORELEASING = YES;
				CLANG_WARN_BOOL_CONVERSION = YES;
				CLANG_WARN_COMMA = YES;
				CLANG_WARN_CONSTANT_CONVERSION = YES;
				CLANG_WARN_DEPRECATED_OBJC_IMPLEMENTATIONS = YES;
				CLANG_WARN_DIRECT_OBJC_ISA_USAGE = YES_ERROR;
				CLANG_WARN_DOCUMENTATION_COMMENTS = YES;
				CLANG_WARN_EMPTY_BODY = YES;
				CLANG_WARN_ENUM_CONVERSION = YES;
				CLANG_WARN_INFINITE_RECURSION = YES;
				CLANG_WARN_INT_CONVERSION = YES;
				CLANG_WARN_NON_LITERAL_NULL_CONVERSION = YES;
				CLANG_WARN_OBJC_IMPLICIT_RETAIN_SELF = YES;
				CLANG_WARN_OBJC_LITERAL_CONVERSION = YES;
				CLANG_WARN_OBJC_ROOT_CLASS = YES_ERROR;
				CLANG_WARN_QUOTED_INCLUDE_IN_FRAMEWORK_HEADER = YES;
				CLANG_WARN_RANGE_LOOP_ANALYSIS = YES;
				CLANG_WARN_STRICT_PROTOTYPES = YES;
				CLANG_WARN_SUSPICIOUS_MOVE = YES;
				CLANG_WARN_UNGUARDED_AVAILABILITY = YES_AGGRESSIVE;
				CLANG_WARN_UNREACHABLE_CODE = YES;
				CLANG_WARN__DUPLICATE_METHOD_MATCH = YES;
				COPY_PHASE_STRIP = NO;
				DEBUG_INFORMATION_FORMAT = "dwarf-with-dsym";
				ENABLE_NS_ASSERTIONS = NO;
				ENABLE_STRICT_OBJC_MSGSEND = YES;
				GCC_C_LANGUAGE_STANDARD = gnu11;
				GCC_NO_COMMON_BLOCKS = YES;
				GCC_WARN_64_TO_32_BIT_CONVERSION = YES;
				GCC_WARN_ABOUT_RETURN_TYPE = YES_ERROR;
				GCC_WARN_UNDECLARED_SELECTOR = YES;
				GCC_WARN_UNINITIALIZED_AUTOS = YES_AGGRESSIVE;
				GCC_WARN_UNUSED_FUNCTION = YES;
				GCC_WARN_UNUSED_VARIABLE = YES;
				IPHONEOS_DEPLOYMENT_TARGET = 16.2;
				MTL_ENABLE_DEBUG_INFO = NO;
				MTL_FAST_MATH = YES;
				SDKROOT = iphoneos;
				SWIFT_COMPILATION_MODE = wholemodule;
				SWIFT_OPTIMIZATION_LEVEL = "-O";
				VALIDATE_PRODUCT = YES;
			};
			name = Release;
		};
		2E0C0897294F152A0021C2D9 /* Debug */ = {
			isa = XCBuildConfiguration;
			baseConfigurationReference = 15497A12645BB170857FF96D /* Pods-Scribbly.debug.xcconfig */;
			buildSettings = {
				ASSETCATALOG_COMPILER_APPICON_NAME = AppIcon;
				ASSETCATALOG_COMPILER_GLOBAL_ACCENT_COLOR_NAME = AccentColor;
				CODE_SIGN_ENTITLEMENTS = Scribbly/Scribbly.entitlements;
				CODE_SIGN_IDENTITY = "Apple Development";
				CODE_SIGN_STYLE = Automatic;
				CURRENT_PROJECT_VERSION = 1.22;
				DEVELOPMENT_TEAM = V7HFE3Z97P;
				GENERATE_INFOPLIST_FILE = YES;
				INFOPLIST_FILE = Scribbly/Info.plist;
				INFOPLIST_KEY_CFBundleDisplayName = Scribbly;
				INFOPLIST_KEY_LSApplicationCategoryType = "public.app-category.social-networking";
				INFOPLIST_KEY_NSCameraUsageDescription = "Scribbly needs to access your camera in order to capture and share your artwork with your friends.";
				INFOPLIST_KEY_NSContactsUsageDescription = "Scribbly uses your contacts to provide you with suggestions for friends and help expand your network.";
				INFOPLIST_KEY_NSPhotoLibraryUsageDescription = "Scribbly needs access to your photo library in order to upload and share your artwork with your friends.";
				INFOPLIST_KEY_UIApplicationSupportsIndirectInputEvents = YES;
				INFOPLIST_KEY_UILaunchStoryboardName = LaunchScreen;
				INFOPLIST_KEY_UIStatusBarStyle = "";
				INFOPLIST_KEY_UISupportedInterfaceOrientations_iPad = "UIInterfaceOrientationPortrait UIInterfaceOrientationPortraitUpsideDown UIInterfaceOrientationLandscapeLeft UIInterfaceOrientationLandscapeRight";
				INFOPLIST_KEY_UISupportedInterfaceOrientations_iPhone = UIInterfaceOrientationPortrait;
				IPHONEOS_DEPLOYMENT_TARGET = 16.0;
				LD_RUNPATH_SEARCH_PATHS = (
					"$(inherited)",
					"@executable_path/Frameworks",
				);
				MARKETING_VERSION = 1.0;
				PRODUCT_BUNDLE_IDENTIFIER = com.vinnie.Scribbly;
				PRODUCT_NAME = "$(TARGET_NAME)";
				PROVISIONING_PROFILE_SPECIFIER = "";
				SUPPORTED_PLATFORMS = "iphoneos iphonesimulator";
				SUPPORTS_MACCATALYST = NO;
				SUPPORTS_MAC_DESIGNED_FOR_IPHONE_IPAD = NO;
				SWIFT_EMIT_LOC_STRINGS = YES;
				SWIFT_VERSION = 5.0;
				TARGETED_DEVICE_FAMILY = 1;
			};
			name = Debug;
		};
		2E0C0898294F152A0021C2D9 /* Release */ = {
			isa = XCBuildConfiguration;
			baseConfigurationReference = 09CD26885C10DD91ED831959 /* Pods-Scribbly.release.xcconfig */;
			buildSettings = {
				ASSETCATALOG_COMPILER_APPICON_NAME = AppIcon;
				ASSETCATALOG_COMPILER_GLOBAL_ACCENT_COLOR_NAME = AccentColor;
				CODE_SIGN_ENTITLEMENTS = Scribbly/Scribbly.entitlements;
				CODE_SIGN_IDENTITY = "Apple Development";
				CODE_SIGN_STYLE = Automatic;
				CURRENT_PROJECT_VERSION = 1.22;
				DEVELOPMENT_TEAM = V7HFE3Z97P;
				GENERATE_INFOPLIST_FILE = YES;
				INFOPLIST_FILE = Scribbly/Info.plist;
				INFOPLIST_KEY_CFBundleDisplayName = Scribbly;
				INFOPLIST_KEY_LSApplicationCategoryType = "public.app-category.social-networking";
				INFOPLIST_KEY_NSCameraUsageDescription = "Scribbly needs to access your camera in order to capture and share your artwork with your friends.";
				INFOPLIST_KEY_NSContactsUsageDescription = "Scribbly uses your contacts to provide you with suggestions for friends and help expand your network.";
				INFOPLIST_KEY_NSPhotoLibraryUsageDescription = "Scribbly needs access to your photo library in order to upload and share your artwork with your friends.";
				INFOPLIST_KEY_UIApplicationSupportsIndirectInputEvents = YES;
				INFOPLIST_KEY_UILaunchStoryboardName = LaunchScreen;
				INFOPLIST_KEY_UIStatusBarStyle = "";
				INFOPLIST_KEY_UISupportedInterfaceOrientations_iPad = "UIInterfaceOrientationPortrait UIInterfaceOrientationPortraitUpsideDown UIInterfaceOrientationLandscapeLeft UIInterfaceOrientationLandscapeRight";
				INFOPLIST_KEY_UISupportedInterfaceOrientations_iPhone = UIInterfaceOrientationPortrait;
				IPHONEOS_DEPLOYMENT_TARGET = 16.0;
				LD_RUNPATH_SEARCH_PATHS = (
					"$(inherited)",
					"@executable_path/Frameworks",
				);
				MARKETING_VERSION = 1.0;
				PRODUCT_BUNDLE_IDENTIFIER = com.vinnie.Scribbly;
				PRODUCT_NAME = "$(TARGET_NAME)";
				PROVISIONING_PROFILE_SPECIFIER = "";
				SUPPORTED_PLATFORMS = "iphoneos iphonesimulator";
				SUPPORTS_MACCATALYST = NO;
				SUPPORTS_MAC_DESIGNED_FOR_IPHONE_IPAD = NO;
				SWIFT_EMIT_LOC_STRINGS = YES;
				SWIFT_VERSION = 5.0;
				TARGETED_DEVICE_FAMILY = 1;
			};
			name = Release;
		};
/* End XCBuildConfiguration section */

/* Begin XCConfigurationList section */
		2E0C087D294F15290021C2D9 /* Build configuration list for PBXProject "Scribbly" */ = {
			isa = XCConfigurationList;
			buildConfigurations = (
				2E0C0894294F152A0021C2D9 /* Debug */,
				2E0C0895294F152A0021C2D9 /* Release */,
			);
			defaultConfigurationIsVisible = 0;
			defaultConfigurationName = Release;
		};
		2E0C0896294F152A0021C2D9 /* Build configuration list for PBXNativeTarget "Scribbly" */ = {
			isa = XCConfigurationList;
			buildConfigurations = (
				2E0C0897294F152A0021C2D9 /* Debug */,
				2E0C0898294F152A0021C2D9 /* Release */,
			);
			defaultConfigurationIsVisible = 0;
			defaultConfigurationName = Release;
		};
/* End XCConfigurationList section */

/* Begin XCRemoteSwiftPackageReference section */
		2E02DB0D2964F47700B375E4 /* XCRemoteSwiftPackageReference "firebase-ios-sdk" */ = {
			isa = XCRemoteSwiftPackageReference;
			repositoryURL = "https://github.com/firebase/firebase-ios-sdk";
			requirement = {
				kind = upToNextMajorVersion;
				minimumVersion = 9.0.0;
			};
		};
/* End XCRemoteSwiftPackageReference section */

/* Begin XCSwiftPackageProductDependency section */
		2E02DB0E2964F47700B375E4 /* FirebaseAnalytics */ = {
			isa = XCSwiftPackageProductDependency;
			package = 2E02DB0D2964F47700B375E4 /* XCRemoteSwiftPackageReference "firebase-ios-sdk" */;
			productName = FirebaseAnalytics;
		};
		2E02DB102964F47700B375E4 /* FirebaseAuth */ = {
			isa = XCSwiftPackageProductDependency;
			package = 2E02DB0D2964F47700B375E4 /* XCRemoteSwiftPackageReference "firebase-ios-sdk" */;
			productName = FirebaseAuth;
		};
		2E02DB122964F47700B375E4 /* FirebaseDatabase */ = {
			isa = XCSwiftPackageProductDependency;
			package = 2E02DB0D2964F47700B375E4 /* XCRemoteSwiftPackageReference "firebase-ios-sdk" */;
			productName = FirebaseDatabase;
		};
		2E02DB142964F47700B375E4 /* FirebaseFirestore */ = {
			isa = XCSwiftPackageProductDependency;
			package = 2E02DB0D2964F47700B375E4 /* XCRemoteSwiftPackageReference "firebase-ios-sdk" */;
			productName = FirebaseFirestore;
		};
		2E02DB162964F47700B375E4 /* FirebaseFunctions */ = {
			isa = XCSwiftPackageProductDependency;
			package = 2E02DB0D2964F47700B375E4 /* XCRemoteSwiftPackageReference "firebase-ios-sdk" */;
			productName = FirebaseFunctions;
		};
		2E02DB182964F47700B375E4 /* FirebaseStorage */ = {
			isa = XCSwiftPackageProductDependency;
			package = 2E02DB0D2964F47700B375E4 /* XCRemoteSwiftPackageReference "firebase-ios-sdk" */;
			productName = FirebaseStorage;
		};
		2E816B012971DBCA00B1ED5D /* FirebaseMessaging */ = {
			isa = XCSwiftPackageProductDependency;
			package = 2E02DB0D2964F47700B375E4 /* XCRemoteSwiftPackageReference "firebase-ios-sdk" */;
			productName = FirebaseMessaging;
		};
/* End XCSwiftPackageProductDependency section */
	};
	rootObject = 2E0C087A294F15290021C2D9 /* Project object */;
}
